// !$*UTF8*$!
{
	archiveVersion = 1;
	classes = {
	};
	objectVersion = 55;
	objects = {

/* Begin PBXBuildFile section */
		8904DEC8277055E90071E6CA /* OnboardingOneView.swift in Sources */ = {isa = PBXBuildFile; fileRef = 8904DEC7277055E90071E6CA /* OnboardingOneView.swift */; };
		89091993277D958D0025F4BB /* ConvoViewModel.swift in Sources */ = {isa = PBXBuildFile; fileRef = 89091992277D958D0025F4BB /* ConvoViewModel.swift */; };
		89091995277DD9F80025F4BB /* ConvoFooterView.swift in Sources */ = {isa = PBXBuildFile; fileRef = 89091994277DD9F80025F4BB /* ConvoFooterView.swift */; };
		89091997277DDE030025F4BB /* ProfilePicturesOverlappedView.swift in Sources */ = {isa = PBXBuildFile; fileRef = 89091996277DDE030025F4BB /* ProfilePicturesOverlappedView.swift */; };
		89091999277EFDCC0025F4BB /* leaveSound.mp3 in Resources */ = {isa = PBXBuildFile; fileRef = 89091998277EFDCC0025F4BB /* leaveSound.mp3 */; };
		8909199C277EFDF30025F4BB /* joinSound.mp3 in Resources */ = {isa = PBXBuildFile; fileRef = 8909199B277EFDF30025F4BB /* joinSound.mp3 */; };
		8909199E278155920025F4BB /* UserStatusView.swift in Sources */ = {isa = PBXBuildFile; fileRef = 8909199D278155920025F4BB /* UserStatusView.swift */; };
		890919A42781845D0025F4BB /* AlertToast in Frameworks */ = {isa = PBXBuildFile; productRef = 890919A32781845D0025F4BB /* AlertToast */; };
		890919A7278299590025F4BB /* RuleBook.swift in Sources */ = {isa = PBXBuildFile; fileRef = 890919A6278299590025F4BB /* RuleBook.swift */; };
		890919AB2782DC760025F4BB /* ProgressBarView.swift in Sources */ = {isa = PBXBuildFile; fileRef = 890919AA2782DC760025F4BB /* ProgressBarView.swift */; };
		890C245D277BF628009B4A30 /* AgoraRtcKit in Frameworks */ = {isa = PBXBuildFile; productRef = 890C245C277BF628009B4A30 /* AgoraRtcKit */; };
		890C2460277BF896009B4A30 /* AgoraViewController.swift in Sources */ = {isa = PBXBuildFile; fileRef = 890C245F277BF896009B4A30 /* AgoraViewController.swift */; };
		890C2462277BF935009B4A30 /* CallView.swift in Sources */ = {isa = PBXBuildFile; fileRef = 890C2461277BF935009B4A30 /* CallView.swift */; };
		890C2464277BFA97009B4A30 /* AgroRep.swift in Sources */ = {isa = PBXBuildFile; fileRef = 890C2463277BFA97009B4A30 /* AgroRep.swift */; };
		890C2466277C5711009B4A30 /* AgoraService.swift in Sources */ = {isa = PBXBuildFile; fileRef = 890C2465277C5711009B4A30 /* AgoraService.swift */; };
		891060E4277359B900F14509 /* CloudStorageService.swift in Sources */ = {isa = PBXBuildFile; fileRef = 891060E3277359B900F14509 /* CloudStorageService.swift */; };
		891060E82774460500F14509 /* FirebaseInAppMessaging-Beta in Frameworks */ = {isa = PBXBuildFile; productRef = 891060E72774460500F14509 /* FirebaseInAppMessaging-Beta */; };
		891060EA2774460500F14509 /* FirebaseInAppMessagingSwift-Beta in Frameworks */ = {isa = PBXBuildFile; productRef = 891060E92774460500F14509 /* FirebaseInAppMessagingSwift-Beta */; };
		891060EC2774460500F14509 /* FirebaseMessaging in Frameworks */ = {isa = PBXBuildFile; productRef = 891060EB2774460500F14509 /* FirebaseMessaging */; };
		89110714277166D6005797FA /* UserFriends.swift in Sources */ = {isa = PBXBuildFile; fileRef = 89110713277166D6005797FA /* UserFriends.swift */; };
		891A15E127653A7000B26659 /* nirvana_iosApp.swift in Sources */ = {isa = PBXBuildFile; fileRef = 891A15E027653A7000B26659 /* nirvana_iosApp.swift */; };
		891A15E327653A7000B26659 /* ContentView.swift in Sources */ = {isa = PBXBuildFile; fileRef = 891A15E227653A7000B26659 /* ContentView.swift */; };
		891A15E527653A7100B26659 /* Assets.xcassets in Resources */ = {isa = PBXBuildFile; fileRef = 891A15E427653A7100B26659 /* Assets.xcassets */; };
		891A15E827653A7100B26659 /* Preview Assets.xcassets in Resources */ = {isa = PBXBuildFile; fileRef = 891A15E727653A7100B26659 /* Preview Assets.xcassets */; };
		891A15F12765528700B26659 /* Satisfy-Regular.ttf in Resources */ = {isa = PBXBuildFile; fileRef = 891A15F02765528700B26659 /* Satisfy-Regular.ttf */; };
		891A15F5276557AB00B26659 /* colors.swift in Sources */ = {isa = PBXBuildFile; fileRef = 891A15F4276557AB00B26659 /* colors.swift */; };
		891A15F9276563CA00B26659 /* WelcomeView.swift in Sources */ = {isa = PBXBuildFile; fileRef = 891A15F8276563CA00B26659 /* WelcomeView.swift */; };
		891A15FD276566B800B26659 /* constants.swift in Sources */ = {isa = PBXBuildFile; fileRef = 891A15FC276566B800B26659 /* constants.swift */; };
		891A15FF27656F9200B26659 /* HeaderView.swift in Sources */ = {isa = PBXBuildFile; fileRef = 891A15FE27656F9200B26659 /* HeaderView.swift */; };
		891A160327656FC700B26659 /* HomeView.swift in Sources */ = {isa = PBXBuildFile; fileRef = 891A160227656FC700B26659 /* HomeView.swift */; };
		891A160B2765732700B26659 /* HomeViewModel.swift in Sources */ = {isa = PBXBuildFile; fileRef = 891A160A2765732700B26659 /* HomeViewModel.swift */; };
		891A160E27657CEA00B26659 /* User.swift in Sources */ = {isa = PBXBuildFile; fileRef = 891A160D27657CEA00B26659 /* User.swift */; };
		891A1611276590B000B26659 /* ChatsCarouselView.swift in Sources */ = {isa = PBXBuildFile; fileRef = 891A1610276590B000B26659 /* ChatsCarouselView.swift */; };
		891A16132765A44300B26659 /* ChatsCarouselViewModel.swift in Sources */ = {isa = PBXBuildFile; fileRef = 891A16122765A44300B26659 /* ChatsCarouselViewModel.swift */; };
		892179E42765FEB8001E6C60 /* FooterControlsView.swift in Sources */ = {isa = PBXBuildFile; fileRef = 892179E32765FEB8001E6C60 /* FooterControlsView.swift */; };
		892179E62765FECD001E6C60 /* FooterControlsViewModel.swift in Sources */ = {isa = PBXBuildFile; fileRef = 892179E52765FECD001E6C60 /* FooterControlsViewModel.swift */; };
		89288ECB27675B9F00E962C4 /* OnboardingTemplateView.swift in Sources */ = {isa = PBXBuildFile; fileRef = 89288ECA27675B9F00E962C4 /* OnboardingTemplateView.swift */; };
		894E41D92784BB8000A68728 /* woosh.mp3 in Resources */ = {isa = PBXBuildFile; fileRef = 894E41D82784BB8000A68728 /* woosh.mp3 */; };
		894E41DD2784D68600A68728 /* pop.mp3 in Resources */ = {isa = PBXBuildFile; fileRef = 894E41DC2784D68600A68728 /* pop.mp3 */; };
		894E80BE276ED7A700624B72 /* systemImages.swift in Sources */ = {isa = PBXBuildFile; fileRef = 894E80BD276ED7A700624B72 /* systemImages.swift */; };
		894E80C1276EFD0500624B72 /* AudioPlayerView.swift in Sources */ = {isa = PBXBuildFile; fileRef = 894E80C0276EFD0400624B72 /* AudioPlayerView.swift */; };
		894E80C327702E5900624B72 /* AddBasicInfoViewModel.swift in Sources */ = {isa = PBXBuildFile; fileRef = 894E80C227702E5800624B72 /* AddBasicInfoViewModel.swift */; };
		896CE6FE27707E6B00DB474E /* CircleNavigationView.swift in Sources */ = {isa = PBXBuildFile; fileRef = 896CE6FD27707E6B00DB474E /* CircleNavigationView.swift */; };
		896CE7002770847400DB474E /* CircleFooterView.swift in Sources */ = {isa = PBXBuildFile; fileRef = 896CE6FF2770847400DB474E /* CircleFooterView.swift */; };
		896CE7022770892F00DB474E /* CircleGridView.swift in Sources */ = {isa = PBXBuildFile; fileRef = 896CE7012770892F00DB474E /* CircleGridView.swift */; };
		896CE7052770AE5D00DB474E /* InboxView.swift in Sources */ = {isa = PBXBuildFile; fileRef = 896CE7042770AE5D00DB474E /* InboxView.swift */; };
		896CE70727711BAB00DB474E /* FindFriendsView.swift in Sources */ = {isa = PBXBuildFile; fileRef = 896CE70627711BAB00DB474E /* FindFriendsView.swift */; };
		896CE70927712CED00DB474E /* StringExtension.swift in Sources */ = {isa = PBXBuildFile; fileRef = 896CE70827712CED00DB474E /* StringExtension.swift */; };
		89814683277D83F300DA46CD /* ConvosView.swift in Sources */ = {isa = PBXBuildFile; fileRef = 89814682277D83F300DA46CD /* ConvosView.swift */; };
		89814685277D857300DA46CD /* Convo.swift in Sources */ = {isa = PBXBuildFile; fileRef = 89814684277D857300DA46CD /* Convo.swift */; };
		89A107E5277476CC00B971FD /* PushNotificationService.swift in Sources */ = {isa = PBXBuildFile; fileRef = 89A107E4277476CC00B971FD /* PushNotificationService.swift */; };
		89A107E927753AB600B971FD /* GoogleService-Info.plist in Resources */ = {isa = PBXBuildFile; fileRef = 89A107E827753AB500B971FD /* GoogleService-Info.plist */; };
		89AD5573276DD790001658E0 /* SplashView.swift in Sources */ = {isa = PBXBuildFile; fileRef = 89AD5572276DD790001658E0 /* SplashView.swift */; };
		89AD5575276DE724001658E0 /* PhoneCodeVerificationView.swift in Sources */ = {isa = PBXBuildFile; fileRef = 89AD5574276DE724001658E0 /* PhoneCodeVerificationView.swift */; };
		89AD5578276DEAB3001658E0 /* LogoHeaderView.swift in Sources */ = {isa = PBXBuildFile; fileRef = 89AD5577276DEAB3001658E0 /* LogoHeaderView.swift */; };
		89AD557C276DF86A001658E0 /* FirestoreService.swift in Sources */ = {isa = PBXBuildFile; fileRef = 89AD557B276DF86A001658E0 /* FirestoreService.swift */; };
		89B46E71276893E200B74255 /* AuthSessionStore.swift in Sources */ = {isa = PBXBuildFile; fileRef = 89B46E70276893E200B74255 /* AuthSessionStore.swift */; };
		89BCABE2276B3CB0009E9B10 /* NavigationStack in Frameworks */ = {isa = PBXBuildFile; productRef = 89BCABE1276B3CB0009E9B10 /* NavigationStack */; };
		89BCABE5276B3D58009E9B10 /* InnerCircleView.swift in Sources */ = {isa = PBXBuildFile; fileRef = 89BCABE4276B3D58009E9B10 /* InnerCircleView.swift */; };
		89BCABE7276B3D64009E9B10 /* InnerCircleViewModel.swift in Sources */ = {isa = PBXBuildFile; fileRef = 89BCABE6276B3D64009E9B10 /* InnerCircleViewModel.swift */; };
		89BCABEB276D2A09009E9B10 /* PhoneVerificationView.swift in Sources */ = {isa = PBXBuildFile; fileRef = 89BCABEA276D2A07009E9B10 /* PhoneVerificationView.swift */; };
		89BCABED276D2B05009E9B10 /* WavesGlassBackgroundView.swift in Sources */ = {isa = PBXBuildFile; fileRef = 89BCABEC276D2B05009E9B10 /* WavesGlassBackgroundView.swift */; };
		89BCABF0276D53C4009E9B10 /* PhoneVerificationViewModel.swift in Sources */ = {isa = PBXBuildFile; fileRef = 89BCABEF276D53C3009E9B10 /* PhoneVerificationViewModel.swift */; };
		89BDCDE527695DB900577829 /* NirvanaImage.swift in Sources */ = {isa = PBXBuildFile; fileRef = 89BDCDE427695DB900577829 /* NirvanaImage.swift */; };
		89BDCDE72769616600577829 /* UIImage+Extension.swift in Sources */ = {isa = PBXBuildFile; fileRef = 89BDCDE62769616600577829 /* UIImage+Extension.swift */; };
		89BDCDEA27697F9C00577829 /* UserMenu.swift in Sources */ = {isa = PBXBuildFile; fileRef = 89BDCDE927697F9C00577829 /* UserMenu.swift */; };
		89BDCDEF2769B50C00577829 /* ContactsView.swift in Sources */ = {isa = PBXBuildFile; fileRef = 89BDCDEE2769B50C00577829 /* ContactsView.swift */; };
		89BDCDF12769E64200577829 /* Message.swift in Sources */ = {isa = PBXBuildFile; fileRef = 89BDCDF02769E64200577829 /* Message.swift */; };
		89F05B9B276A87920002E9C7 /* ContactsViewModel.swift in Sources */ = {isa = PBXBuildFile; fileRef = 89F05B9A276A87920002E9C7 /* ContactsViewModel.swift */; };
		89F05BA4276ACC060002E9C7 /* ContactService.swift in Sources */ = {isa = PBXBuildFile; fileRef = 89F05BA3276ACC060002E9C7 /* ContactService.swift */; };
		89F05BA6276ACD830002E9C7 /* ContactsPickerView.swift in Sources */ = {isa = PBXBuildFile; fileRef = 89F05BA5276ACD830002E9C7 /* ContactsPickerView.swift */; };
		89F1386D2767EB19006680ED /* SignInView.swift in Sources */ = {isa = PBXBuildFile; fileRef = 89F1386C2767EB19006680ED /* SignInView.swift */; };
		89F138702767F55F006680ED /* GoogleSignIn in Frameworks */ = {isa = PBXBuildFile; productRef = 89F1386F2767F55F006680ED /* GoogleSignIn */; };
		89F18ACE276E881800115B1E /* FirebaseAnalytics in Frameworks */ = {isa = PBXBuildFile; productRef = 89F18ACD276E881800115B1E /* FirebaseAnalytics */; };
		89F18AD0276E881800115B1E /* FirebaseAnalyticsSwift-Beta in Frameworks */ = {isa = PBXBuildFile; productRef = 89F18ACF276E881800115B1E /* FirebaseAnalyticsSwift-Beta */; };
		89F18AD2276E881800115B1E /* FirebaseAuth in Frameworks */ = {isa = PBXBuildFile; productRef = 89F18AD1276E881800115B1E /* FirebaseAuth */; };
		89F18AD4276E881800115B1E /* FirebaseAuthCombine-Community in Frameworks */ = {isa = PBXBuildFile; productRef = 89F18AD3276E881800115B1E /* FirebaseAuthCombine-Community */; };
		89F18AD6276E881900115B1E /* FirebaseDatabase in Frameworks */ = {isa = PBXBuildFile; productRef = 89F18AD5276E881900115B1E /* FirebaseDatabase */; };
		89F18AD8276E881900115B1E /* FirebaseDatabaseSwift-Beta in Frameworks */ = {isa = PBXBuildFile; productRef = 89F18AD7276E881900115B1E /* FirebaseDatabaseSwift-Beta */; };
		89F18ADA276E881900115B1E /* FirebaseFirestore in Frameworks */ = {isa = PBXBuildFile; productRef = 89F18AD9276E881900115B1E /* FirebaseFirestore */; };
		89F18ADC276E881900115B1E /* FirebaseFirestoreCombine-Community in Frameworks */ = {isa = PBXBuildFile; productRef = 89F18ADB276E881900115B1E /* FirebaseFirestoreCombine-Community */; };
		89F18ADE276E881900115B1E /* FirebaseFirestoreSwift-Beta in Frameworks */ = {isa = PBXBuildFile; productRef = 89F18ADD276E881900115B1E /* FirebaseFirestoreSwift-Beta */; };
		89F18AE0276E881900115B1E /* FirebaseFunctions in Frameworks */ = {isa = PBXBuildFile; productRef = 89F18ADF276E881900115B1E /* FirebaseFunctions */; };
		89F18AE2276E881900115B1E /* FirebaseFunctionsCombine-Community in Frameworks */ = {isa = PBXBuildFile; productRef = 89F18AE1276E881900115B1E /* FirebaseFunctionsCombine-Community */; };
		89F18AE4276E881900115B1E /* FirebaseFunctionsSwift-Beta in Frameworks */ = {isa = PBXBuildFile; productRef = 89F18AE3276E881900115B1E /* FirebaseFunctionsSwift-Beta */; };
		89F18AE6276E881900115B1E /* FirebaseStorage in Frameworks */ = {isa = PBXBuildFile; productRef = 89F18AE5276E881900115B1E /* FirebaseStorage */; };
		89F18AE8276E881900115B1E /* FirebaseStorageCombine-Community in Frameworks */ = {isa = PBXBuildFile; productRef = 89F18AE7276E881900115B1E /* FirebaseStorageCombine-Community */; };
		89F18AEA276E881900115B1E /* FirebaseStorageSwift-Beta in Frameworks */ = {isa = PBXBuildFile; productRef = 89F18AE9276E881900115B1E /* FirebaseStorageSwift-Beta */; };
		89F18AEC276E92BF00115B1E /* CustomExtensions.swift in Sources */ = {isa = PBXBuildFile; fileRef = 89F18AEB276E92BF00115B1E /* CustomExtensions.swift */; };
		89F18AEE276EB55C00115B1E /* ServiceState.swift in Sources */ = {isa = PBXBuildFile; fileRef = 89F18AED276EB55C00115B1E /* ServiceState.swift */; };
		89F18AF1276ECAA300115B1E /* RouterView.swift in Sources */ = {isa = PBXBuildFile; fileRef = 89F18AF0276ECAA300115B1E /* RouterView.swift */; };
		89F18AF5276ECF2A00115B1E /* AddBasicInfoView.swift in Sources */ = {isa = PBXBuildFile; fileRef = 89F18AF4276ECF2A00115B1E /* AddBasicInfoView.swift */; };
/* End PBXBuildFile section */

/* Begin PBXFileReference section */
		8904DEC7277055E90071E6CA /* OnboardingOneView.swift */ = {isa = PBXFileReference; fileEncoding = 4; lastKnownFileType = sourcecode.swift; path = OnboardingOneView.swift; sourceTree = "<group>"; };
		89091992277D958D0025F4BB /* ConvoViewModel.swift */ = {isa = PBXFileReference; lastKnownFileType = sourcecode.swift; path = ConvoViewModel.swift; sourceTree = "<group>"; };
		89091994277DD9F80025F4BB /* ConvoFooterView.swift */ = {isa = PBXFileReference; lastKnownFileType = sourcecode.swift; path = ConvoFooterView.swift; sourceTree = "<group>"; };
		89091996277DDE030025F4BB /* ProfilePicturesOverlappedView.swift */ = {isa = PBXFileReference; lastKnownFileType = sourcecode.swift; path = ProfilePicturesOverlappedView.swift; sourceTree = "<group>"; };
		89091998277EFDCC0025F4BB /* leaveSound.mp3 */ = {isa = PBXFileReference; lastKnownFileType = audio.mp3; path = leaveSound.mp3; sourceTree = "<group>"; };
		8909199B277EFDF30025F4BB /* joinSound.mp3 */ = {isa = PBXFileReference; lastKnownFileType = audio.mp3; path = joinSound.mp3; sourceTree = "<group>"; };
		8909199D278155920025F4BB /* UserStatusView.swift */ = {isa = PBXFileReference; lastKnownFileType = sourcecode.swift; path = UserStatusView.swift; sourceTree = "<group>"; };
		890919A6278299590025F4BB /* RuleBook.swift */ = {isa = PBXFileReference; lastKnownFileType = sourcecode.swift; path = RuleBook.swift; sourceTree = "<group>"; };
		890919AA2782DC760025F4BB /* ProgressBarView.swift */ = {isa = PBXFileReference; lastKnownFileType = sourcecode.swift; path = ProgressBarView.swift; sourceTree = "<group>"; };
		890C245F277BF896009B4A30 /* AgoraViewController.swift */ = {isa = PBXFileReference; lastKnownFileType = sourcecode.swift; path = AgoraViewController.swift; sourceTree = "<group>"; };
		890C2461277BF935009B4A30 /* CallView.swift */ = {isa = PBXFileReference; lastKnownFileType = sourcecode.swift; path = CallView.swift; sourceTree = "<group>"; };
		890C2463277BFA97009B4A30 /* AgroRep.swift */ = {isa = PBXFileReference; lastKnownFileType = sourcecode.swift; path = AgroRep.swift; sourceTree = "<group>"; };
		890C2465277C5711009B4A30 /* AgoraService.swift */ = {isa = PBXFileReference; lastKnownFileType = sourcecode.swift; path = AgoraService.swift; sourceTree = "<group>"; };
		891060E3277359B900F14509 /* CloudStorageService.swift */ = {isa = PBXFileReference; lastKnownFileType = sourcecode.swift; path = CloudStorageService.swift; sourceTree = "<group>"; };
		891060E527743FEB00F14509 /* nirvana-ios.entitlements */ = {isa = PBXFileReference; lastKnownFileType = text.plist.entitlements; path = "nirvana-ios.entitlements"; sourceTree = "<group>"; };
		89110713277166D6005797FA /* UserFriends.swift */ = {isa = PBXFileReference; lastKnownFileType = sourcecode.swift; path = UserFriends.swift; sourceTree = "<group>"; };
		891A15DD27653A7000B26659 /* nirvana-ios.app */ = {isa = PBXFileReference; explicitFileType = wrapper.application; includeInIndex = 0; path = "nirvana-ios.app"; sourceTree = BUILT_PRODUCTS_DIR; };
		891A15E027653A7000B26659 /* nirvana_iosApp.swift */ = {isa = PBXFileReference; lastKnownFileType = sourcecode.swift; path = nirvana_iosApp.swift; sourceTree = "<group>"; };
		891A15E227653A7000B26659 /* ContentView.swift */ = {isa = PBXFileReference; lastKnownFileType = sourcecode.swift; path = ContentView.swift; sourceTree = "<group>"; };
		891A15E427653A7100B26659 /* Assets.xcassets */ = {isa = PBXFileReference; lastKnownFileType = folder.assetcatalog; path = Assets.xcassets; sourceTree = "<group>"; };
		891A15E727653A7100B26659 /* Preview Assets.xcassets */ = {isa = PBXFileReference; lastKnownFileType = folder.assetcatalog; path = "Preview Assets.xcassets"; sourceTree = "<group>"; };
		891A15F02765528700B26659 /* Satisfy-Regular.ttf */ = {isa = PBXFileReference; lastKnownFileType = file; path = "Satisfy-Regular.ttf"; sourceTree = "<group>"; };
		891A15F32765554600B26659 /* Info.plist */ = {isa = PBXFileReference; lastKnownFileType = text.plist; path = Info.plist; sourceTree = "<group>"; };
		891A15F4276557AB00B26659 /* colors.swift */ = {isa = PBXFileReference; lastKnownFileType = sourcecode.swift; path = colors.swift; sourceTree = "<group>"; };
		891A15F8276563CA00B26659 /* WelcomeView.swift */ = {isa = PBXFileReference; lastKnownFileType = sourcecode.swift; path = WelcomeView.swift; sourceTree = "<group>"; };
		891A15FC276566B800B26659 /* constants.swift */ = {isa = PBXFileReference; lastKnownFileType = sourcecode.swift; path = constants.swift; sourceTree = "<group>"; };
		891A15FE27656F9200B26659 /* HeaderView.swift */ = {isa = PBXFileReference; lastKnownFileType = sourcecode.swift; path = HeaderView.swift; sourceTree = "<group>"; };
		891A160227656FC700B26659 /* HomeView.swift */ = {isa = PBXFileReference; lastKnownFileType = sourcecode.swift; path = HomeView.swift; sourceTree = "<group>"; };
		891A160A2765732700B26659 /* HomeViewModel.swift */ = {isa = PBXFileReference; lastKnownFileType = sourcecode.swift; path = HomeViewModel.swift; sourceTree = "<group>"; };
		891A160D27657CEA00B26659 /* User.swift */ = {isa = PBXFileReference; lastKnownFileType = sourcecode.swift; path = User.swift; sourceTree = "<group>"; };
		891A1610276590B000B26659 /* ChatsCarouselView.swift */ = {isa = PBXFileReference; lastKnownFileType = sourcecode.swift; path = ChatsCarouselView.swift; sourceTree = "<group>"; };
		891A16122765A44300B26659 /* ChatsCarouselViewModel.swift */ = {isa = PBXFileReference; lastKnownFileType = sourcecode.swift; path = ChatsCarouselViewModel.swift; sourceTree = "<group>"; };
		892179E32765FEB8001E6C60 /* FooterControlsView.swift */ = {isa = PBXFileReference; lastKnownFileType = sourcecode.swift; path = FooterControlsView.swift; sourceTree = "<group>"; };
		892179E52765FECD001E6C60 /* FooterControlsViewModel.swift */ = {isa = PBXFileReference; lastKnownFileType = sourcecode.swift; path = FooterControlsViewModel.swift; sourceTree = "<group>"; };
		89288ECA27675B9F00E962C4 /* OnboardingTemplateView.swift */ = {isa = PBXFileReference; lastKnownFileType = sourcecode.swift; path = OnboardingTemplateView.swift; sourceTree = "<group>"; };
		894E41D82784BB8000A68728 /* woosh.mp3 */ = {isa = PBXFileReference; lastKnownFileType = audio.mp3; path = woosh.mp3; sourceTree = "<group>"; };
		894E41DC2784D68600A68728 /* pop.mp3 */ = {isa = PBXFileReference; lastKnownFileType = audio.mp3; path = pop.mp3; sourceTree = "<group>"; };
		894E80BD276ED7A700624B72 /* systemImages.swift */ = {isa = PBXFileReference; lastKnownFileType = sourcecode.swift; path = systemImages.swift; sourceTree = "<group>"; };
		894E80C0276EFD0400624B72 /* AudioPlayerView.swift */ = {isa = PBXFileReference; lastKnownFileType = sourcecode.swift; path = AudioPlayerView.swift; sourceTree = "<group>"; };
		894E80C227702E5800624B72 /* AddBasicInfoViewModel.swift */ = {isa = PBXFileReference; lastKnownFileType = sourcecode.swift; path = AddBasicInfoViewModel.swift; sourceTree = "<group>"; };
		896CE6FD27707E6B00DB474E /* CircleNavigationView.swift */ = {isa = PBXFileReference; lastKnownFileType = sourcecode.swift; path = CircleNavigationView.swift; sourceTree = "<group>"; };
		896CE6FF2770847400DB474E /* CircleFooterView.swift */ = {isa = PBXFileReference; lastKnownFileType = sourcecode.swift; path = CircleFooterView.swift; sourceTree = "<group>"; };
		896CE7012770892F00DB474E /* CircleGridView.swift */ = {isa = PBXFileReference; lastKnownFileType = sourcecode.swift; path = CircleGridView.swift; sourceTree = "<group>"; };
		896CE7042770AE5D00DB474E /* InboxView.swift */ = {isa = PBXFileReference; lastKnownFileType = sourcecode.swift; path = InboxView.swift; sourceTree = "<group>"; };
		896CE70627711BAB00DB474E /* FindFriendsView.swift */ = {isa = PBXFileReference; lastKnownFileType = sourcecode.swift; path = FindFriendsView.swift; sourceTree = "<group>"; };
		896CE70827712CED00DB474E /* StringExtension.swift */ = {isa = PBXFileReference; lastKnownFileType = sourcecode.swift; path = StringExtension.swift; sourceTree = "<group>"; };
		89814682277D83F300DA46CD /* ConvosView.swift */ = {isa = PBXFileReference; lastKnownFileType = sourcecode.swift; path = ConvosView.swift; sourceTree = "<group>"; };
		89814684277D857300DA46CD /* Convo.swift */ = {isa = PBXFileReference; lastKnownFileType = sourcecode.swift; path = Convo.swift; sourceTree = "<group>"; };
		89A107E4277476CC00B971FD /* PushNotificationService.swift */ = {isa = PBXFileReference; lastKnownFileType = sourcecode.swift; path = PushNotificationService.swift; sourceTree = "<group>"; };
		89A107E827753AB500B971FD /* GoogleService-Info.plist */ = {isa = PBXFileReference; fileEncoding = 4; lastKnownFileType = text.plist.xml; path = "GoogleService-Info.plist"; sourceTree = "<group>"; };
		89AD5572276DD790001658E0 /* SplashView.swift */ = {isa = PBXFileReference; lastKnownFileType = sourcecode.swift; path = SplashView.swift; sourceTree = "<group>"; };
		89AD5574276DE724001658E0 /* PhoneCodeVerificationView.swift */ = {isa = PBXFileReference; lastKnownFileType = sourcecode.swift; path = PhoneCodeVerificationView.swift; sourceTree = "<group>"; };
		89AD5577276DEAB3001658E0 /* LogoHeaderView.swift */ = {isa = PBXFileReference; lastKnownFileType = sourcecode.swift; path = LogoHeaderView.swift; sourceTree = "<group>"; };
		89AD557B276DF86A001658E0 /* FirestoreService.swift */ = {isa = PBXFileReference; lastKnownFileType = sourcecode.swift; path = FirestoreService.swift; sourceTree = "<group>"; };
		89B46E70276893E200B74255 /* AuthSessionStore.swift */ = {isa = PBXFileReference; lastKnownFileType = sourcecode.swift; path = AuthSessionStore.swift; sourceTree = "<group>"; };
		89BCABE4276B3D58009E9B10 /* InnerCircleView.swift */ = {isa = PBXFileReference; lastKnownFileType = sourcecode.swift; path = InnerCircleView.swift; sourceTree = "<group>"; };
		89BCABE6276B3D64009E9B10 /* InnerCircleViewModel.swift */ = {isa = PBXFileReference; lastKnownFileType = sourcecode.swift; path = InnerCircleViewModel.swift; sourceTree = "<group>"; };
		89BCABEA276D2A07009E9B10 /* PhoneVerificationView.swift */ = {isa = PBXFileReference; lastKnownFileType = sourcecode.swift; path = PhoneVerificationView.swift; sourceTree = "<group>"; };
		89BCABEC276D2B05009E9B10 /* WavesGlassBackgroundView.swift */ = {isa = PBXFileReference; lastKnownFileType = sourcecode.swift; path = WavesGlassBackgroundView.swift; sourceTree = "<group>"; };
		89BCABEF276D53C3009E9B10 /* PhoneVerificationViewModel.swift */ = {isa = PBXFileReference; lastKnownFileType = sourcecode.swift; path = PhoneVerificationViewModel.swift; sourceTree = "<group>"; };
		89BDCDE427695DB900577829 /* NirvanaImage.swift */ = {isa = PBXFileReference; lastKnownFileType = sourcecode.swift; path = NirvanaImage.swift; sourceTree = "<group>"; };
		89BDCDE62769616600577829 /* UIImage+Extension.swift */ = {isa = PBXFileReference; lastKnownFileType = sourcecode.swift; path = "UIImage+Extension.swift"; sourceTree = "<group>"; };
		89BDCDE927697F9C00577829 /* UserMenu.swift */ = {isa = PBXFileReference; lastKnownFileType = sourcecode.swift; path = UserMenu.swift; sourceTree = "<group>"; };
		89BDCDEE2769B50C00577829 /* ContactsView.swift */ = {isa = PBXFileReference; lastKnownFileType = sourcecode.swift; path = ContactsView.swift; sourceTree = "<group>"; };
		89BDCDF02769E64200577829 /* Message.swift */ = {isa = PBXFileReference; lastKnownFileType = sourcecode.swift; path = Message.swift; sourceTree = "<group>"; };
		89F05B9A276A87920002E9C7 /* ContactsViewModel.swift */ = {isa = PBXFileReference; lastKnownFileType = sourcecode.swift; path = ContactsViewModel.swift; sourceTree = "<group>"; };
		89F05BA3276ACC060002E9C7 /* ContactService.swift */ = {isa = PBXFileReference; lastKnownFileType = sourcecode.swift; path = ContactService.swift; sourceTree = "<group>"; };
		89F05BA5276ACD830002E9C7 /* ContactsPickerView.swift */ = {isa = PBXFileReference; lastKnownFileType = sourcecode.swift; path = ContactsPickerView.swift; sourceTree = "<group>"; };
		89F1386C2767EB19006680ED /* SignInView.swift */ = {isa = PBXFileReference; lastKnownFileType = sourcecode.swift; path = SignInView.swift; sourceTree = "<group>"; };
		89F18AEB276E92BF00115B1E /* CustomExtensions.swift */ = {isa = PBXFileReference; lastKnownFileType = sourcecode.swift; path = CustomExtensions.swift; sourceTree = "<group>"; };
		89F18AED276EB55C00115B1E /* ServiceState.swift */ = {isa = PBXFileReference; lastKnownFileType = sourcecode.swift; path = ServiceState.swift; sourceTree = "<group>"; };
		89F18AF0276ECAA300115B1E /* RouterView.swift */ = {isa = PBXFileReference; lastKnownFileType = sourcecode.swift; path = RouterView.swift; sourceTree = "<group>"; };
		89F18AF4276ECF2A00115B1E /* AddBasicInfoView.swift */ = {isa = PBXFileReference; lastKnownFileType = sourcecode.swift; path = AddBasicInfoView.swift; sourceTree = "<group>"; };
/* End PBXFileReference section */

/* Begin PBXFrameworksBuildPhase section */
		891A15DA27653A7000B26659 /* Frameworks */ = {
			isa = PBXFrameworksBuildPhase;
			buildActionMask = 2147483647;
			files = (
				890C245D277BF628009B4A30 /* AgoraRtcKit in Frameworks */,
				890919A42781845D0025F4BB /* AlertToast in Frameworks */,
				89BCABE2276B3CB0009E9B10 /* NavigationStack in Frameworks */,
				89F18AD4276E881800115B1E /* FirebaseAuthCombine-Community in Frameworks */,
				89F18AEA276E881900115B1E /* FirebaseStorageSwift-Beta in Frameworks */,
				89F18AD2276E881800115B1E /* FirebaseAuth in Frameworks */,
				89F18AE0276E881900115B1E /* FirebaseFunctions in Frameworks */,
				89F18ADC276E881900115B1E /* FirebaseFirestoreCombine-Community in Frameworks */,
				89F18ADE276E881900115B1E /* FirebaseFirestoreSwift-Beta in Frameworks */,
				89F138702767F55F006680ED /* GoogleSignIn in Frameworks */,
				89F18AD0276E881800115B1E /* FirebaseAnalyticsSwift-Beta in Frameworks */,
				89F18AE6276E881900115B1E /* FirebaseStorage in Frameworks */,
				89F18AE2276E881900115B1E /* FirebaseFunctionsCombine-Community in Frameworks */,
				891060E82774460500F14509 /* FirebaseInAppMessaging-Beta in Frameworks */,
				891060EC2774460500F14509 /* FirebaseMessaging in Frameworks */,
				89F18AE8276E881900115B1E /* FirebaseStorageCombine-Community in Frameworks */,
				89F18ADA276E881900115B1E /* FirebaseFirestore in Frameworks */,
				89F18AD6276E881900115B1E /* FirebaseDatabase in Frameworks */,
				89F18AD8276E881900115B1E /* FirebaseDatabaseSwift-Beta in Frameworks */,
				891060EA2774460500F14509 /* FirebaseInAppMessagingSwift-Beta in Frameworks */,
				89F18ACE276E881800115B1E /* FirebaseAnalytics in Frameworks */,
				89F18AE4276E881900115B1E /* FirebaseFunctionsSwift-Beta in Frameworks */,
			);
			runOnlyForDeploymentPostprocessing = 0;
		};
/* End PBXFrameworksBuildPhase section */

/* Begin PBXGroup section */
		8909199A277EFDE50025F4BB /* sounds */ = {
			isa = PBXGroup;
			children = (
				894E41D82784BB8000A68728 /* woosh.mp3 */,
				894E41DC2784D68600A68728 /* pop.mp3 */,
				8909199B277EFDF30025F4BB /* joinSound.mp3 */,
				89091998277EFDCC0025F4BB /* leaveSound.mp3 */,
			);
			path = sounds;
			sourceTree = "<group>";
		};
		890919A5278299490025F4BB /* RuleBook */ = {
			isa = PBXGroup;
			children = (
				890919A6278299590025F4BB /* RuleBook.swift */,
			);
			path = RuleBook;
			sourceTree = "<group>";
		};
		890C245E277BF888009B4A30 /* VoiceCallTest */ = {
			isa = PBXGroup;
			children = (
				890C245F277BF896009B4A30 /* AgoraViewController.swift */,
				890C2461277BF935009B4A30 /* CallView.swift */,
				890C2463277BFA97009B4A30 /* AgroRep.swift */,
			);
			path = VoiceCallTest;
			sourceTree = "<group>";
		};
		891060E62774460500F14509 /* Frameworks */ = {
			isa = PBXGroup;
			children = (
			);
			name = Frameworks;
			sourceTree = "<group>";
		};
		891A15D427653A7000B26659 = {
			isa = PBXGroup;
			children = (
				891A15DF27653A7000B26659 /* nirvana-ios */,
				891A15DE27653A7000B26659 /* Products */,
				891060E62774460500F14509 /* Frameworks */,
			);
			sourceTree = "<group>";
		};
		891A15DE27653A7000B26659 /* Products */ = {
			isa = PBXGroup;
			children = (
				891A15DD27653A7000B26659 /* nirvana-ios.app */,
			);
			name = Products;
			sourceTree = "<group>";
		};
		891A15DF27653A7000B26659 /* nirvana-ios */ = {
			isa = PBXGroup;
			children = (
				8909199A277EFDE50025F4BB /* sounds */,
				891060E527743FEB00F14509 /* nirvana-ios.entitlements */,
				89AD557D276E01E2001658E0 /* Repositories */,
				89F05BA2276ACBFA0002E9C7 /* Services */,
				891A160C27657CD600B26659 /* Models */,
				891A1609276572C600B26659 /* Globals */,
				891A15F62765639B00B26659 /* Views */,
				891A15F32765554600B26659 /* Info.plist */,
				891A15F2276552ED00B26659 /* fonts */,
				891A15E027653A7000B26659 /* nirvana_iosApp.swift */,
				891A15E227653A7000B26659 /* ContentView.swift */,
				891A15E427653A7100B26659 /* Assets.xcassets */,
				89A107E827753AB500B971FD /* GoogleService-Info.plist */,
				891A15E627653A7100B26659 /* Preview Content */,
			);
			path = "nirvana-ios";
			sourceTree = "<group>";
		};
		891A15E627653A7100B26659 /* Preview Content */ = {
			isa = PBXGroup;
			children = (
				891A15E727653A7100B26659 /* Preview Assets.xcassets */,
			);
			path = "Preview Content";
			sourceTree = "<group>";
		};
		891A15F2276552ED00B26659 /* fonts */ = {
			isa = PBXGroup;
			children = (
				891A15F02765528700B26659 /* Satisfy-Regular.ttf */,
			);
			path = fonts;
			sourceTree = "<group>";
		};
		891A15F62765639B00B26659 /* Views */ = {
			isa = PBXGroup;
			children = (
				890919A5278299490025F4BB /* RuleBook */,
				89814681277D83CF00DA46CD /* Convos */,
				896CE7032770AE3400DB474E /* Inbox */,
				894E80BF276EFCF500624B72 /* AudioPlayer */,
				89F18AF3276ECF1800115B1E /* AddBasicInfo */,
				89F18AF2276ECD5D00115B1E /* OnBoarding */,
				89F18AEF276ECA9600115B1E /* Router */,
				89AD5576276DEA9D001658E0 /* LogoHeader */,
				89AD5571276DD77D001658E0 /* SplashView */,
				89BCABEE276D2DD6009E9B10 /* PhoneVerification */,
				89BDCDED2769B3EB00577829 /* Contacts */,
				89F1386B2767EB07006680ED /* SignIn */,
				892179E22765FE93001E6C60 /* FooterControlsView */,
				891A16052765726800B26659 /* Templates */,
				891A16042765725D00B26659 /* WelcomeView */,
				89BCABDF276B3588009E9B10 /* InnerCircle */,
				89BDCDE827697F6100577829 /* UserMenu */,
				891A1608276572BB00B26659 /* HomeView */,
			);
			path = Views;
			sourceTree = "<group>";
		};
		891A16042765725D00B26659 /* WelcomeView */ = {
			isa = PBXGroup;
			children = (
				891A15F8276563CA00B26659 /* WelcomeView.swift */,
			);
			path = WelcomeView;
			sourceTree = "<group>";
		};
		891A16052765726800B26659 /* Templates */ = {
			isa = PBXGroup;
			children = (
				891A15FE27656F9200B26659 /* HeaderView.swift */,
				89288ECA27675B9F00E962C4 /* OnboardingTemplateView.swift */,
				89BCABEC276D2B05009E9B10 /* WavesGlassBackgroundView.swift */,
				8909199D278155920025F4BB /* UserStatusView.swift */,
				890919AA2782DC760025F4BB /* ProgressBarView.swift */,
			);
			path = Templates;
			sourceTree = "<group>";
		};
		891A1608276572BB00B26659 /* HomeView */ = {
			isa = PBXGroup;
			children = (
				891A160F2765909400B26659 /* ChatsCarouselView */,
				891A160227656FC700B26659 /* HomeView.swift */,
				891A160A2765732700B26659 /* HomeViewModel.swift */,
			);
			path = HomeView;
			sourceTree = "<group>";
		};
		891A1609276572C600B26659 /* Globals */ = {
			isa = PBXGroup;
			children = (
				891A15F4276557AB00B26659 /* colors.swift */,
				891A15FC276566B800B26659 /* constants.swift */,
				89BDCDE427695DB900577829 /* NirvanaImage.swift */,
				89BDCDE62769616600577829 /* UIImage+Extension.swift */,
				89F18AEB276E92BF00115B1E /* CustomExtensions.swift */,
				894E80BD276ED7A700624B72 /* systemImages.swift */,
				896CE70827712CED00DB474E /* StringExtension.swift */,
			);
			path = Globals;
			sourceTree = "<group>";
		};
		891A160C27657CD600B26659 /* Models */ = {
			isa = PBXGroup;
			children = (
				89BDCDF02769E64200577829 /* Message.swift */,
				891A160D27657CEA00B26659 /* User.swift */,
				89110713277166D6005797FA /* UserFriends.swift */,
				89814684277D857300DA46CD /* Convo.swift */,
			);
			path = Models;
			sourceTree = "<group>";
		};
		891A160F2765909400B26659 /* ChatsCarouselView */ = {
			isa = PBXGroup;
			children = (
				891A1610276590B000B26659 /* ChatsCarouselView.swift */,
				891A16122765A44300B26659 /* ChatsCarouselViewModel.swift */,
			);
			path = ChatsCarouselView;
			sourceTree = "<group>";
		};
		892179E22765FE93001E6C60 /* FooterControlsView */ = {
			isa = PBXGroup;
			children = (
				892179E32765FEB8001E6C60 /* FooterControlsView.swift */,
				892179E52765FECD001E6C60 /* FooterControlsViewModel.swift */,
			);
			path = FooterControlsView;
			sourceTree = "<group>";
		};
		894E80BF276EFCF500624B72 /* AudioPlayer */ = {
			isa = PBXGroup;
			children = (
				894E80C0276EFD0400624B72 /* AudioPlayerView.swift */,
			);
			path = AudioPlayer;
			sourceTree = "<group>";
		};
		896CE7032770AE3400DB474E /* Inbox */ = {
			isa = PBXGroup;
			children = (
				896CE7042770AE5D00DB474E /* InboxView.swift */,
			);
			path = Inbox;
			sourceTree = "<group>";
		};
		89814681277D83CF00DA46CD /* Convos */ = {
			isa = PBXGroup;
			children = (
				89814682277D83F300DA46CD /* ConvosView.swift */,
				89091992277D958D0025F4BB /* ConvoViewModel.swift */,
				89091994277DD9F80025F4BB /* ConvoFooterView.swift */,
				89091996277DDE030025F4BB /* ProfilePicturesOverlappedView.swift */,
			);
			path = Convos;
			sourceTree = "<group>";
		};
		89AD5571276DD77D001658E0 /* SplashView */ = {
			isa = PBXGroup;
			children = (
				89AD5572276DD790001658E0 /* SplashView.swift */,
			);
			path = SplashView;
			sourceTree = "<group>";
		};
		89AD5576276DEA9D001658E0 /* LogoHeader */ = {
			isa = PBXGroup;
			children = (
				89AD5577276DEAB3001658E0 /* LogoHeaderView.swift */,
			);
			path = LogoHeader;
			sourceTree = "<group>";
		};
		89AD557D276E01E2001658E0 /* Repositories */ = {
			isa = PBXGroup;
			children = (
				89AD557B276DF86A001658E0 /* FirestoreService.swift */,
				89F18AED276EB55C00115B1E /* ServiceState.swift */,
				891060E3277359B900F14509 /* CloudStorageService.swift */,
			);
			path = Repositories;
			sourceTree = "<group>";
		};
		89BCABDF276B3588009E9B10 /* InnerCircle */ = {
			isa = PBXGroup;
			children = (
				890C245E277BF888009B4A30 /* VoiceCallTest */,
				89BCABE4276B3D58009E9B10 /* InnerCircleView.swift */,
				89BCABE6276B3D64009E9B10 /* InnerCircleViewModel.swift */,
				896CE6FD27707E6B00DB474E /* CircleNavigationView.swift */,
				896CE6FF2770847400DB474E /* CircleFooterView.swift */,
				896CE7012770892F00DB474E /* CircleGridView.swift */,
			);
			path = InnerCircle;
			sourceTree = "<group>";
		};
		89BCABEE276D2DD6009E9B10 /* PhoneVerification */ = {
			isa = PBXGroup;
			children = (
				89BCABEA276D2A07009E9B10 /* PhoneVerificationView.swift */,
				89BCABEF276D53C3009E9B10 /* PhoneVerificationViewModel.swift */,
				89AD5574276DE724001658E0 /* PhoneCodeVerificationView.swift */,
			);
			path = PhoneVerification;
			sourceTree = "<group>";
		};
		89BDCDE827697F6100577829 /* UserMenu */ = {
			isa = PBXGroup;
			children = (
				89BDCDE927697F9C00577829 /* UserMenu.swift */,
			);
			path = UserMenu;
			sourceTree = "<group>";
		};
		89BDCDED2769B3EB00577829 /* Contacts */ = {
			isa = PBXGroup;
			children = (
				89BDCDEE2769B50C00577829 /* ContactsView.swift */,
				89F05B9A276A87920002E9C7 /* ContactsViewModel.swift */,
				89F05BA5276ACD830002E9C7 /* ContactsPickerView.swift */,
				896CE70627711BAB00DB474E /* FindFriendsView.swift */,
			);
			path = Contacts;
			sourceTree = "<group>";
		};
		89F05BA2276ACBFA0002E9C7 /* Services */ = {
			isa = PBXGroup;
			children = (
				89F05BA3276ACC060002E9C7 /* ContactService.swift */,
				89B46E70276893E200B74255 /* AuthSessionStore.swift */,
				89A107E4277476CC00B971FD /* PushNotificationService.swift */,
				890C2465277C5711009B4A30 /* AgoraService.swift */,
			);
			path = Services;
			sourceTree = "<group>";
		};
		89F1386B2767EB07006680ED /* SignIn */ = {
			isa = PBXGroup;
			children = (
				89F1386C2767EB19006680ED /* SignInView.swift */,
			);
			path = SignIn;
			sourceTree = "<group>";
		};
		89F18AEF276ECA9600115B1E /* Router */ = {
			isa = PBXGroup;
			children = (
				89F18AF0276ECAA300115B1E /* RouterView.swift */,
			);
			path = Router;
			sourceTree = "<group>";
		};
		89F18AF2276ECD5D00115B1E /* OnBoarding */ = {
			isa = PBXGroup;
			children = (
				8904DEC7277055E90071E6CA /* OnboardingOneView.swift */,
			);
			path = OnBoarding;
			sourceTree = "<group>";
		};
		89F18AF3276ECF1800115B1E /* AddBasicInfo */ = {
			isa = PBXGroup;
			children = (
				89F18AF4276ECF2A00115B1E /* AddBasicInfoView.swift */,
				894E80C227702E5800624B72 /* AddBasicInfoViewModel.swift */,
			);
			path = AddBasicInfo;
			sourceTree = "<group>";
		};
/* End PBXGroup section */

/* Begin PBXNativeTarget section */
		891A15DC27653A7000B26659 /* nirvana-ios */ = {
			isa = PBXNativeTarget;
			buildConfigurationList = 891A15EB27653A7100B26659 /* Build configuration list for PBXNativeTarget "nirvana-ios" */;
			buildPhases = (
				891A15D927653A7000B26659 /* Sources */,
				891A15DA27653A7000B26659 /* Frameworks */,
				891A15DB27653A7000B26659 /* Resources */,
			);
			buildRules = (
			);
			dependencies = (
			);
			name = "nirvana-ios";
			packageProductDependencies = (
				89F1386F2767F55F006680ED /* GoogleSignIn */,
				89BCABE1276B3CB0009E9B10 /* NavigationStack */,
				89F18ACD276E881800115B1E /* FirebaseAnalytics */,
				89F18ACF276E881800115B1E /* FirebaseAnalyticsSwift-Beta */,
				89F18AD1276E881800115B1E /* FirebaseAuth */,
				89F18AD3276E881800115B1E /* FirebaseAuthCombine-Community */,
				89F18AD5276E881900115B1E /* FirebaseDatabase */,
				89F18AD7276E881900115B1E /* FirebaseDatabaseSwift-Beta */,
				89F18AD9276E881900115B1E /* FirebaseFirestore */,
				89F18ADB276E881900115B1E /* FirebaseFirestoreCombine-Community */,
				89F18ADD276E881900115B1E /* FirebaseFirestoreSwift-Beta */,
				89F18ADF276E881900115B1E /* FirebaseFunctions */,
				89F18AE1276E881900115B1E /* FirebaseFunctionsCombine-Community */,
				89F18AE3276E881900115B1E /* FirebaseFunctionsSwift-Beta */,
				89F18AE5276E881900115B1E /* FirebaseStorage */,
				89F18AE7276E881900115B1E /* FirebaseStorageCombine-Community */,
				89F18AE9276E881900115B1E /* FirebaseStorageSwift-Beta */,
				891060E72774460500F14509 /* FirebaseInAppMessaging-Beta */,
				891060E92774460500F14509 /* FirebaseInAppMessagingSwift-Beta */,
				891060EB2774460500F14509 /* FirebaseMessaging */,
				890C245C277BF628009B4A30 /* AgoraRtcKit */,
				890919A32781845D0025F4BB /* AlertToast */,
			);
			productName = "nirvana-ios";
			productReference = 891A15DD27653A7000B26659 /* nirvana-ios.app */;
			productType = "com.apple.product-type.application";
		};
/* End PBXNativeTarget section */

/* Begin PBXProject section */
		891A15D527653A7000B26659 /* Project object */ = {
			isa = PBXProject;
			attributes = {
				BuildIndependentTargetsInParallel = 1;
				LastSwiftUpdateCheck = 1310;
				LastUpgradeCheck = 1310;
				TargetAttributes = {
					891A15DC27653A7000B26659 = {
						CreatedOnToolsVersion = 13.1;
					};
				};
			};
			buildConfigurationList = 891A15D827653A7000B26659 /* Build configuration list for PBXProject "nirvana-ios" */;
			compatibilityVersion = "Xcode 13.0";
			developmentRegion = en;
			hasScannedForEncodings = 0;
			knownRegions = (
				en,
				Base,
			);
			mainGroup = 891A15D427653A7000B26659;
			packageReferences = (
				89F1386E2767F55F006680ED /* XCRemoteSwiftPackageReference "GoogleSignIn-iOS" */,
				89BCABE0276B3CB0009E9B10 /* XCRemoteSwiftPackageReference "swiftui-navigation-stack" */,
				89F18ACC276E881800115B1E /* XCRemoteSwiftPackageReference "firebase-ios-sdk" */,
				890C245B277BF628009B4A30 /* XCRemoteSwiftPackageReference "AgoraAudio_iOS" */,
				890919A22781845C0025F4BB /* XCRemoteSwiftPackageReference "AlertToast" */,
			);
			productRefGroup = 891A15DE27653A7000B26659 /* Products */;
			projectDirPath = "";
			projectRoot = "";
			targets = (
				891A15DC27653A7000B26659 /* nirvana-ios */,
			);
		};
/* End PBXProject section */

/* Begin PBXResourcesBuildPhase section */
		891A15DB27653A7000B26659 /* Resources */ = {
			isa = PBXResourcesBuildPhase;
			buildActionMask = 2147483647;
			files = (
				891A15F12765528700B26659 /* Satisfy-Regular.ttf in Resources */,
				89A107E927753AB600B971FD /* GoogleService-Info.plist in Resources */,
				89091999277EFDCC0025F4BB /* leaveSound.mp3 in Resources */,
				891A15E827653A7100B26659 /* Preview Assets.xcassets in Resources */,
				894E41DD2784D68600A68728 /* pop.mp3 in Resources */,
				8909199C277EFDF30025F4BB /* joinSound.mp3 in Resources */,
				891A15E527653A7100B26659 /* Assets.xcassets in Resources */,
				894E41D92784BB8000A68728 /* woosh.mp3 in Resources */,
			);
			runOnlyForDeploymentPostprocessing = 0;
		};
/* End PBXResourcesBuildPhase section */

/* Begin PBXSourcesBuildPhase section */
		891A15D927653A7000B26659 /* Sources */ = {
			isa = PBXSourcesBuildPhase;
			buildActionMask = 2147483647;
			files = (
				891A15E327653A7000B26659 /* ContentView.swift in Sources */,
				891060E4277359B900F14509 /* CloudStorageService.swift in Sources */,
				896CE7002770847400DB474E /* CircleFooterView.swift in Sources */,
				894E80BE276ED7A700624B72 /* systemImages.swift in Sources */,
				89091997277DDE030025F4BB /* ProfilePicturesOverlappedView.swift in Sources */,
				890C2462277BF935009B4A30 /* CallView.swift in Sources */,
				896CE7052770AE5D00DB474E /* InboxView.swift in Sources */,
				891A160327656FC700B26659 /* HomeView.swift in Sources */,
				896CE70927712CED00DB474E /* StringExtension.swift in Sources */,
				89110714277166D6005797FA /* UserFriends.swift in Sources */,
				890919A7278299590025F4BB /* RuleBook.swift in Sources */,
				896CE70727711BAB00DB474E /* FindFriendsView.swift in Sources */,
				891A160B2765732700B26659 /* HomeViewModel.swift in Sources */,
				89814685277D857300DA46CD /* Convo.swift in Sources */,
				89814683277D83F300DA46CD /* ConvosView.swift in Sources */,
				89BCABEB276D2A09009E9B10 /* PhoneVerificationView.swift in Sources */,
				892179E62765FECD001E6C60 /* FooterControlsViewModel.swift in Sources */,
				891A15F5276557AB00B26659 /* colors.swift in Sources */,
				894E80C327702E5900624B72 /* AddBasicInfoViewModel.swift in Sources */,
				89288ECB27675B9F00E962C4 /* OnboardingTemplateView.swift in Sources */,
				89F05BA4276ACC060002E9C7 /* ContactService.swift in Sources */,
				89B46E71276893E200B74255 /* AuthSessionStore.swift in Sources */,
				891A15F9276563CA00B26659 /* WelcomeView.swift in Sources */,
				89AD5578276DEAB3001658E0 /* LogoHeaderView.swift in Sources */,
				89BDCDEF2769B50C00577829 /* ContactsView.swift in Sources */,
				891A1611276590B000B26659 /* ChatsCarouselView.swift in Sources */,
				89BDCDE527695DB900577829 /* NirvanaImage.swift in Sources */,
				890C2460277BF896009B4A30 /* AgoraViewController.swift in Sources */,
				891A16132765A44300B26659 /* ChatsCarouselViewModel.swift in Sources */,
				89F05B9B276A87920002E9C7 /* ContactsViewModel.swift in Sources */,
				896CE6FE27707E6B00DB474E /* CircleNavigationView.swift in Sources */,
				89AD5573276DD790001658E0 /* SplashView.swift in Sources */,
				890C2466277C5711009B4A30 /* AgoraService.swift in Sources */,
				89F18AEC276E92BF00115B1E /* CustomExtensions.swift in Sources */,
				89F18AF1276ECAA300115B1E /* RouterView.swift in Sources */,
				89F18AEE276EB55C00115B1E /* ServiceState.swift in Sources */,
				891A15E127653A7000B26659 /* nirvana_iosApp.swift in Sources */,
				89BCABED276D2B05009E9B10 /* WavesGlassBackgroundView.swift in Sources */,
				89F05BA6276ACD830002E9C7 /* ContactsPickerView.swift in Sources */,
				8904DEC8277055E90071E6CA /* OnboardingOneView.swift in Sources */,
				896CE7022770892F00DB474E /* CircleGridView.swift in Sources */,
				890919AB2782DC760025F4BB /* ProgressBarView.swift in Sources */,
				89091995277DD9F80025F4BB /* ConvoFooterView.swift in Sources */,
				8909199E278155920025F4BB /* UserStatusView.swift in Sources */,
				89BDCDEA27697F9C00577829 /* UserMenu.swift in Sources */,
				89BCABE7276B3D64009E9B10 /* InnerCircleViewModel.swift in Sources */,
				89A107E5277476CC00B971FD /* PushNotificationService.swift in Sources */,
				89AD557C276DF86A001658E0 /* FirestoreService.swift in Sources */,
				891A15FF27656F9200B26659 /* HeaderView.swift in Sources */,
				89AD5575276DE724001658E0 /* PhoneCodeVerificationView.swift in Sources */,
				892179E42765FEB8001E6C60 /* FooterControlsView.swift in Sources */,
				891A15FD276566B800B26659 /* constants.swift in Sources */,
				89BCABE5276B3D58009E9B10 /* InnerCircleView.swift in Sources */,
				894E80C1276EFD0500624B72 /* AudioPlayerView.swift in Sources */,
				89F18AF5276ECF2A00115B1E /* AddBasicInfoView.swift in Sources */,
				89091993277D958D0025F4BB /* ConvoViewModel.swift in Sources */,
				89BCABF0276D53C4009E9B10 /* PhoneVerificationViewModel.swift in Sources */,
				89BDCDE72769616600577829 /* UIImage+Extension.swift in Sources */,
				890C2464277BFA97009B4A30 /* AgroRep.swift in Sources */,
				89F1386D2767EB19006680ED /* SignInView.swift in Sources */,
				89BDCDF12769E64200577829 /* Message.swift in Sources */,
				891A160E27657CEA00B26659 /* User.swift in Sources */,
			);
			runOnlyForDeploymentPostprocessing = 0;
		};
/* End PBXSourcesBuildPhase section */

/* Begin XCBuildConfiguration section */
		891A15E927653A7100B26659 /* Debug */ = {
			isa = XCBuildConfiguration;
			buildSettings = {
				ALWAYS_SEARCH_USER_PATHS = NO;
				CLANG_ANALYZER_NONNULL = YES;
				CLANG_ANALYZER_NUMBER_OBJECT_CONVERSION = YES_AGGRESSIVE;
				CLANG_CXX_LANGUAGE_STANDARD = "gnu++17";
				CLANG_CXX_LIBRARY = "libc++";
				CLANG_ENABLE_MODULES = YES;
				CLANG_ENABLE_OBJC_ARC = YES;
				CLANG_ENABLE_OBJC_WEAK = YES;
				CLANG_WARN_BLOCK_CAPTURE_AUTORELEASING = YES;
				CLANG_WARN_BOOL_CONVERSION = YES;
				CLANG_WARN_COMMA = YES;
				CLANG_WARN_CONSTANT_CONVERSION = YES;
				CLANG_WARN_DEPRECATED_OBJC_IMPLEMENTATIONS = YES;
				CLANG_WARN_DIRECT_OBJC_ISA_USAGE = YES_ERROR;
				CLANG_WARN_DOCUMENTATION_COMMENTS = YES;
				CLANG_WARN_EMPTY_BODY = YES;
				CLANG_WARN_ENUM_CONVERSION = YES;
				CLANG_WARN_INFINITE_RECURSION = YES;
				CLANG_WARN_INT_CONVERSION = YES;
				CLANG_WARN_NON_LITERAL_NULL_CONVERSION = YES;
				CLANG_WARN_OBJC_IMPLICIT_RETAIN_SELF = YES;
				CLANG_WARN_OBJC_LITERAL_CONVERSION = YES;
				CLANG_WARN_OBJC_ROOT_CLASS = YES_ERROR;
				CLANG_WARN_QUOTED_INCLUDE_IN_FRAMEWORK_HEADER = YES;
				CLANG_WARN_RANGE_LOOP_ANALYSIS = YES;
				CLANG_WARN_STRICT_PROTOTYPES = YES;
				CLANG_WARN_SUSPICIOUS_MOVE = YES;
				CLANG_WARN_UNGUARDED_AVAILABILITY = YES_AGGRESSIVE;
				CLANG_WARN_UNREACHABLE_CODE = YES;
				CLANG_WARN__DUPLICATE_METHOD_MATCH = YES;
				COPY_PHASE_STRIP = NO;
				DEBUG_INFORMATION_FORMAT = dwarf;
				ENABLE_STRICT_OBJC_MSGSEND = YES;
				ENABLE_TESTABILITY = YES;
				GCC_C_LANGUAGE_STANDARD = gnu11;
				GCC_DYNAMIC_NO_PIC = NO;
				GCC_NO_COMMON_BLOCKS = YES;
				GCC_OPTIMIZATION_LEVEL = 0;
				GCC_PREPROCESSOR_DEFINITIONS = (
					"DEBUG=1",
					"$(inherited)",
				);
				GCC_WARN_64_TO_32_BIT_CONVERSION = YES;
				GCC_WARN_ABOUT_RETURN_TYPE = YES_ERROR;
				GCC_WARN_UNDECLARED_SELECTOR = YES;
				GCC_WARN_UNINITIALIZED_AUTOS = YES_AGGRESSIVE;
				GCC_WARN_UNUSED_FUNCTION = YES;
				GCC_WARN_UNUSED_VARIABLE = YES;
				IPHONEOS_DEPLOYMENT_TARGET = 15.0;
				MTL_ENABLE_DEBUG_INFO = INCLUDE_SOURCE;
				MTL_FAST_MATH = YES;
				ONLY_ACTIVE_ARCH = YES;
				SDKROOT = iphoneos;
				SWIFT_ACTIVE_COMPILATION_CONDITIONS = DEBUG;
				SWIFT_OPTIMIZATION_LEVEL = "-Onone";
			};
			name = Debug;
		};
		891A15EA27653A7100B26659 /* Release */ = {
			isa = XCBuildConfiguration;
			buildSettings = {
				ALWAYS_SEARCH_USER_PATHS = NO;
				CLANG_ANALYZER_NONNULL = YES;
				CLANG_ANALYZER_NUMBER_OBJECT_CONVERSION = YES_AGGRESSIVE;
				CLANG_CXX_LANGUAGE_STANDARD = "gnu++17";
				CLANG_CXX_LIBRARY = "libc++";
				CLANG_ENABLE_MODULES = YES;
				CLANG_ENABLE_OBJC_ARC = YES;
				CLANG_ENABLE_OBJC_WEAK = YES;
				CLANG_WARN_BLOCK_CAPTURE_AUTORELEASING = YES;
				CLANG_WARN_BOOL_CONVERSION = YES;
				CLANG_WARN_COMMA = YES;
				CLANG_WARN_CONSTANT_CONVERSION = YES;
				CLANG_WARN_DEPRECATED_OBJC_IMPLEMENTATIONS = YES;
				CLANG_WARN_DIRECT_OBJC_ISA_USAGE = YES_ERROR;
				CLANG_WARN_DOCUMENTATION_COMMENTS = YES;
				CLANG_WARN_EMPTY_BODY = YES;
				CLANG_WARN_ENUM_CONVERSION = YES;
				CLANG_WARN_INFINITE_RECURSION = YES;
				CLANG_WARN_INT_CONVERSION = YES;
				CLANG_WARN_NON_LITERAL_NULL_CONVERSION = YES;
				CLANG_WARN_OBJC_IMPLICIT_RETAIN_SELF = YES;
				CLANG_WARN_OBJC_LITERAL_CONVERSION = YES;
				CLANG_WARN_OBJC_ROOT_CLASS = YES_ERROR;
				CLANG_WARN_QUOTED_INCLUDE_IN_FRAMEWORK_HEADER = YES;
				CLANG_WARN_RANGE_LOOP_ANALYSIS = YES;
				CLANG_WARN_STRICT_PROTOTYPES = YES;
				CLANG_WARN_SUSPICIOUS_MOVE = YES;
				CLANG_WARN_UNGUARDED_AVAILABILITY = YES_AGGRESSIVE;
				CLANG_WARN_UNREACHABLE_CODE = YES;
				CLANG_WARN__DUPLICATE_METHOD_MATCH = YES;
				COPY_PHASE_STRIP = NO;
				DEBUG_INFORMATION_FORMAT = "dwarf-with-dsym";
				ENABLE_NS_ASSERTIONS = NO;
				ENABLE_STRICT_OBJC_MSGSEND = YES;
				GCC_C_LANGUAGE_STANDARD = gnu11;
				GCC_NO_COMMON_BLOCKS = YES;
				GCC_WARN_64_TO_32_BIT_CONVERSION = YES;
				GCC_WARN_ABOUT_RETURN_TYPE = YES_ERROR;
				GCC_WARN_UNDECLARED_SELECTOR = YES;
				GCC_WARN_UNINITIALIZED_AUTOS = YES_AGGRESSIVE;
				GCC_WARN_UNUSED_FUNCTION = YES;
				GCC_WARN_UNUSED_VARIABLE = YES;
				IPHONEOS_DEPLOYMENT_TARGET = 15.0;
				MTL_ENABLE_DEBUG_INFO = NO;
				MTL_FAST_MATH = YES;
				SDKROOT = iphoneos;
				SWIFT_COMPILATION_MODE = wholemodule;
				SWIFT_OPTIMIZATION_LEVEL = "-O";
				VALIDATE_PRODUCT = YES;
			};
			name = Release;
		};
		891A15EC27653A7100B26659 /* Debug */ = {
			isa = XCBuildConfiguration;
			buildSettings = {
				ASSETCATALOG_COMPILER_APPICON_NAME = AppIcon;
				ASSETCATALOG_COMPILER_GLOBAL_ACCENT_COLOR_NAME = AccentColor;
				CODE_SIGN_ENTITLEMENTS = "nirvana-ios/nirvana-ios.entitlements";
				CODE_SIGN_IDENTITY = "Apple Development";
				CODE_SIGN_STYLE = Automatic;
				CURRENT_PROJECT_VERSION = 6;
				DEVELOPMENT_ASSET_PATHS = "\"nirvana-ios/Preview Content\"";
				DEVELOPMENT_TEAM = RK9WWM4Q99;
				ENABLE_PREVIEWS = YES;
				GENERATE_INFOPLIST_FILE = YES;
				INFOPLIST_FILE = "nirvana-ios/Info.plist";
				INFOPLIST_KEY_CFBundleDisplayName = nirvana;
				INFOPLIST_KEY_NSContactsUsageDescription = "Please provide access to build your inner circle 🌱";
				INFOPLIST_KEY_NSMicrophoneUsageDescription = "Please provide access to send messages 🌱";
				INFOPLIST_KEY_UIApplicationSceneManifest_Generation = YES;
				INFOPLIST_KEY_UIApplicationSupportsIndirectInputEvents = YES;
				INFOPLIST_KEY_UILaunchScreen_Generation = YES;
				INFOPLIST_KEY_UISupportedInterfaceOrientations_iPad = "UIInterfaceOrientationPortrait UIInterfaceOrientationPortraitUpsideDown UIInterfaceOrientationLandscapeLeft UIInterfaceOrientationLandscapeRight";
				INFOPLIST_KEY_UISupportedInterfaceOrientations_iPhone = "UIInterfaceOrientationPortrait UIInterfaceOrientationLandscapeLeft UIInterfaceOrientationLandscapeRight";
				INFOPLIST_KEY_UIUserInterfaceStyle = Light;
				LD_RUNPATH_SEARCH_PATHS = (
					"$(inherited)",
					"@executable_path/Frameworks",
				);
				MARKETING_VERSION = 0.1.0;
				PRODUCT_BUNDLE_IDENTIFIER = "com.usenirvana.nirvana-ios";
				PRODUCT_NAME = "$(TARGET_NAME)";
				PROVISIONING_PROFILE_SPECIFIER = "";
				SWIFT_EMIT_LOC_STRINGS = YES;
				SWIFT_VERSION = 5.0;
				TARGETED_DEVICE_FAMILY = "1,2";
			};
			name = Debug;
		};
		891A15ED27653A7100B26659 /* Release */ = {
			isa = XCBuildConfiguration;
			buildSettings = {
				ASSETCATALOG_COMPILER_APPICON_NAME = AppIcon;
				ASSETCATALOG_COMPILER_GLOBAL_ACCENT_COLOR_NAME = AccentColor;
				CODE_SIGN_ENTITLEMENTS = "nirvana-ios/nirvana-ios.entitlements";
				CODE_SIGN_IDENTITY = "Apple Development";
				CODE_SIGN_STYLE = Automatic;
				CURRENT_PROJECT_VERSION = 6;
				DEVELOPMENT_ASSET_PATHS = "\"nirvana-ios/Preview Content\"";
				DEVELOPMENT_TEAM = RK9WWM4Q99;
				ENABLE_PREVIEWS = YES;
				GENERATE_INFOPLIST_FILE = YES;
				INFOPLIST_FILE = "nirvana-ios/Info.plist";
				INFOPLIST_KEY_CFBundleDisplayName = nirvana;
				INFOPLIST_KEY_NSContactsUsageDescription = "Please provide access to build your inner circle 🌱";
				INFOPLIST_KEY_NSMicrophoneUsageDescription = "Please provide access to send messages 🌱";
				INFOPLIST_KEY_UIApplicationSceneManifest_Generation = YES;
				INFOPLIST_KEY_UIApplicationSupportsIndirectInputEvents = YES;
				INFOPLIST_KEY_UILaunchScreen_Generation = YES;
				INFOPLIST_KEY_UISupportedInterfaceOrientations_iPad = "UIInterfaceOrientationPortrait UIInterfaceOrientationPortraitUpsideDown UIInterfaceOrientationLandscapeLeft UIInterfaceOrientationLandscapeRight";
				INFOPLIST_KEY_UISupportedInterfaceOrientations_iPhone = "UIInterfaceOrientationPortrait UIInterfaceOrientationLandscapeLeft UIInterfaceOrientationLandscapeRight";
				INFOPLIST_KEY_UIUserInterfaceStyle = Light;
				LD_RUNPATH_SEARCH_PATHS = (
					"$(inherited)",
					"@executable_path/Frameworks",
				);
				MARKETING_VERSION = 0.1.0;
				PRODUCT_BUNDLE_IDENTIFIER = "com.usenirvana.nirvana-ios";
				PRODUCT_NAME = "$(TARGET_NAME)";
				PROVISIONING_PROFILE_SPECIFIER = "";
				SWIFT_EMIT_LOC_STRINGS = YES;
				SWIFT_VERSION = 5.0;
				TARGETED_DEVICE_FAMILY = "1,2";
			};
			name = Release;
		};
/* End XCBuildConfiguration section */

/* Begin XCConfigurationList section */
		891A15D827653A7000B26659 /* Build configuration list for PBXProject "nirvana-ios" */ = {
			isa = XCConfigurationList;
			buildConfigurations = (
				891A15E927653A7100B26659 /* Debug */,
				891A15EA27653A7100B26659 /* Release */,
			);
			defaultConfigurationIsVisible = 0;
			defaultConfigurationName = Release;
		};
		891A15EB27653A7100B26659 /* Build configuration list for PBXNativeTarget "nirvana-ios" */ = {
			isa = XCConfigurationList;
			buildConfigurations = (
				891A15EC27653A7100B26659 /* Debug */,
				891A15ED27653A7100B26659 /* Release */,
			);
			defaultConfigurationIsVisible = 0;
			defaultConfigurationName = Release;
		};
/* End XCConfigurationList section */

/* Begin XCRemoteSwiftPackageReference section */
		890919A22781845C0025F4BB /* XCRemoteSwiftPackageReference "AlertToast" */ = {
			isa = XCRemoteSwiftPackageReference;
			repositoryURL = "https://github.com/elai950/AlertToast.git";
			requirement = {
				kind = upToNextMajorVersion;
				minimumVersion = 1.0.0;
			};
		};
		890C245B277BF628009B4A30 /* XCRemoteSwiftPackageReference "AgoraAudio_iOS" */ = {
			isa = XCRemoteSwiftPackageReference;
			repositoryURL = "https://github.com/AgoraIO/AgoraAudio_iOS";
			requirement = {
				kind = upToNextMajorVersion;
				minimumVersion = 3.5.0;
			};
		};
		89BCABE0276B3CB0009E9B10 /* XCRemoteSwiftPackageReference "swiftui-navigation-stack" */ = {
			isa = XCRemoteSwiftPackageReference;
			repositoryURL = "https://github.com/matteopuc/swiftui-navigation-stack.git";
			requirement = {
				kind = upToNextMajorVersion;
				minimumVersion = 1.0.0;
			};
		};
		89F1386E2767F55F006680ED /* XCRemoteSwiftPackageReference "GoogleSignIn-iOS" */ = {
			isa = XCRemoteSwiftPackageReference;
			repositoryURL = "https://github.com/google/GoogleSignIn-iOS.git";
			requirement = {
				kind = upToNextMajorVersion;
				minimumVersion = 6.0.0;
			};
		};
		89F18ACC276E881800115B1E /* XCRemoteSwiftPackageReference "firebase-ios-sdk" */ = {
			isa = XCRemoteSwiftPackageReference;
			repositoryURL = "https://github.com/firebase/firebase-ios-sdk";
			requirement = {
				branch = master;
				kind = branch;
			};
		};
/* End XCRemoteSwiftPackageReference section */

/* Begin XCSwiftPackageProductDependency section */
		890919A32781845D0025F4BB /* AlertToast */ = {
			isa = XCSwiftPackageProductDependency;
			package = 890919A22781845C0025F4BB /* XCRemoteSwiftPackageReference "AlertToast" */;
			productName = AlertToast;
		};
		890C245C277BF628009B4A30 /* AgoraRtcKit */ = {
			isa = XCSwiftPackageProductDependency;
			package = 890C245B277BF628009B4A30 /* XCRemoteSwiftPackageReference "AgoraAudio_iOS" */;
			productName = AgoraRtcKit;
		};
		891060E72774460500F14509 /* FirebaseInAppMessaging-Beta */ = {
			isa = XCSwiftPackageProductDependency;
			package = 89F18ACC276E881800115B1E /* XCRemoteSwiftPackageReference "firebase-ios-sdk" */;
			productName = "FirebaseInAppMessaging-Beta";
		};
		891060E92774460500F14509 /* FirebaseInAppMessagingSwift-Beta */ = {
			isa = XCSwiftPackageProductDependency;
			package = 89F18ACC276E881800115B1E /* XCRemoteSwiftPackageReference "firebase-ios-sdk" */;
			productName = "FirebaseInAppMessagingSwift-Beta";
		};
		891060EB2774460500F14509 /* FirebaseMessaging */ = {
			isa = XCSwiftPackageProductDependency;
			package = 89F18ACC276E881800115B1E /* XCRemoteSwiftPackageReference "firebase-ios-sdk" */;
			productName = FirebaseMessaging;
		};
		89BCABE1276B3CB0009E9B10 /* NavigationStack */ = {
			isa = XCSwiftPackageProductDependency;
			package = 89BCABE0276B3CB0009E9B10 /* XCRemoteSwiftPackageReference "swiftui-navigation-stack" */;
			productName = NavigationStack;
		};
		89F1386F2767F55F006680ED /* GoogleSignIn */ = {
			isa = XCSwiftPackageProductDependency;
			package = 89F1386E2767F55F006680ED /* XCRemoteSwiftPackageReference "GoogleSignIn-iOS" */;
			productName = GoogleSignIn;
		};
		89F18ACD276E881800115B1E /* FirebaseAnalytics */ = {
			isa = XCSwiftPackageProductDependency;
			package = 89F18ACC276E881800115B1E /* XCRemoteSwiftPackageReference "firebase-ios-sdk" */;
			productName = FirebaseAnalytics;
		};
		89F18ACF276E881800115B1E /* FirebaseAnalyticsSwift-Beta */ = {
			isa = XCSwiftPackageProductDependency;
			package = 89F18ACC276E881800115B1E /* XCRemoteSwiftPackageReference "firebase-ios-sdk" */;
			productName = "FirebaseAnalyticsSwift-Beta";
		};
		89F18AD1276E881800115B1E /* FirebaseAuth */ = {
			isa = XCSwiftPackageProductDependency;
			package = 89F18ACC276E881800115B1E /* XCRemoteSwiftPackageReference "firebase-ios-sdk" */;
			productName = FirebaseAuth;
		};
		89F18AD3276E881800115B1E /* FirebaseAuthCombine-Community */ = {
			isa = XCSwiftPackageProductDependency;
			package = 89F18ACC276E881800115B1E /* XCRemoteSwiftPackageReference "firebase-ios-sdk" */;
			productName = "FirebaseAuthCombine-Community";
		};
		89F18AD5276E881900115B1E /* FirebaseDatabase */ = {
			isa = XCSwiftPackageProductDependency;
			package = 89F18ACC276E881800115B1E /* XCRemoteSwiftPackageReference "firebase-ios-sdk" */;
			productName = FirebaseDatabase;
		};
		89F18AD7276E881900115B1E /* FirebaseDatabaseSwift-Beta */ = {
			isa = XCSwiftPackageProductDependency;
			package = 89F18ACC276E881800115B1E /* XCRemoteSwiftPackageReference "firebase-ios-sdk" */;
			productName = "FirebaseDatabaseSwift-Beta";
		};
		89F18AD9276E881900115B1E /* FirebaseFirestore */ = {
			isa = XCSwiftPackageProductDependency;
			package = 89F18ACC276E881800115B1E /* XCRemoteSwiftPackageReference "firebase-ios-sdk" */;
			productName = FirebaseFirestore;
		};
		89F18ADB276E881900115B1E /* FirebaseFirestoreCombine-Community */ = {
			isa = XCSwiftPackageProductDependency;
			package = 89F18ACC276E881800115B1E /* XCRemoteSwiftPackageReference "firebase-ios-sdk" */;
			productName = "FirebaseFirestoreCombine-Community";
		};
		89F18ADD276E881900115B1E /* FirebaseFirestoreSwift-Beta */ = {
			isa = XCSwiftPackageProductDependency;
			package = 89F18ACC276E881800115B1E /* XCRemoteSwiftPackageReference "firebase-ios-sdk" */;
			productName = "FirebaseFirestoreSwift-Beta";
		};
		89F18ADF276E881900115B1E /* FirebaseFunctions */ = {
			isa = XCSwiftPackageProductDependency;
			package = 89F18ACC276E881800115B1E /* XCRemoteSwiftPackageReference "firebase-ios-sdk" */;
			productName = FirebaseFunctions;
		};
		89F18AE1276E881900115B1E /* FirebaseFunctionsCombine-Community */ = {
			isa = XCSwiftPackageProductDependency;
			package = 89F18ACC276E881800115B1E /* XCRemoteSwiftPackageReference "firebase-ios-sdk" */;
			productName = "FirebaseFunctionsCombine-Community";
		};
		89F18AE3276E881900115B1E /* FirebaseFunctionsSwift-Beta */ = {
			isa = XCSwiftPackageProductDependency;
			package = 89F18ACC276E881800115B1E /* XCRemoteSwiftPackageReference "firebase-ios-sdk" */;
			productName = "FirebaseFunctionsSwift-Beta";
		};
		89F18AE5276E881900115B1E /* FirebaseStorage */ = {
			isa = XCSwiftPackageProductDependency;
			package = 89F18ACC276E881800115B1E /* XCRemoteSwiftPackageReference "firebase-ios-sdk" */;
			productName = FirebaseStorage;
		};
		89F18AE7276E881900115B1E /* FirebaseStorageCombine-Community */ = {
			isa = XCSwiftPackageProductDependency;
			package = 89F18ACC276E881800115B1E /* XCRemoteSwiftPackageReference "firebase-ios-sdk" */;
			productName = "FirebaseStorageCombine-Community";
		};
		89F18AE9276E881900115B1E /* FirebaseStorageSwift-Beta */ = {
			isa = XCSwiftPackageProductDependency;
			package = 89F18ACC276E881800115B1E /* XCRemoteSwiftPackageReference "firebase-ios-sdk" */;
			productName = "FirebaseStorageSwift-Beta";
		};
/* End XCSwiftPackageProductDependency section */
	};
	rootObject = 891A15D527653A7000B26659 /* Project object */;
}
