// !$*UTF8*$!
{
	archiveVersion = 1;
	classes = {
	};
	objectVersion = 55;
	objects = {

/* Begin PBXBuildFile section */
		891A15E127653A7000B26659 /* nirvana_iosApp.swift in Sources */ = {isa = PBXBuildFile; fileRef = 891A15E027653A7000B26659 /* nirvana_iosApp.swift */; };
		891A15E327653A7000B26659 /* ContentView.swift in Sources */ = {isa = PBXBuildFile; fileRef = 891A15E227653A7000B26659 /* ContentView.swift */; };
		891A15E527653A7100B26659 /* Assets.xcassets in Resources */ = {isa = PBXBuildFile; fileRef = 891A15E427653A7100B26659 /* Assets.xcassets */; };
		891A15E827653A7100B26659 /* Preview Assets.xcassets in Resources */ = {isa = PBXBuildFile; fileRef = 891A15E727653A7100B26659 /* Preview Assets.xcassets */; };
		891A15F12765528700B26659 /* Satisfy-Regular.ttf in Resources */ = {isa = PBXBuildFile; fileRef = 891A15F02765528700B26659 /* Satisfy-Regular.ttf */; };
		891A15F5276557AB00B26659 /* colors.swift in Sources */ = {isa = PBXBuildFile; fileRef = 891A15F4276557AB00B26659 /* colors.swift */; };
		891A15F9276563CA00B26659 /* WelcomeView.swift in Sources */ = {isa = PBXBuildFile; fileRef = 891A15F8276563CA00B26659 /* WelcomeView.swift */; };
		891A15FD276566B800B26659 /* constants.swift in Sources */ = {isa = PBXBuildFile; fileRef = 891A15FC276566B800B26659 /* constants.swift */; };
		891A15FF27656F9200B26659 /* HeaderView.swift in Sources */ = {isa = PBXBuildFile; fileRef = 891A15FE27656F9200B26659 /* HeaderView.swift */; };
		891A160127656FB200B26659 /* FooterView.swift in Sources */ = {isa = PBXBuildFile; fileRef = 891A160027656FB200B26659 /* FooterView.swift */; };
		891A160327656FC700B26659 /* HomeView.swift in Sources */ = {isa = PBXBuildFile; fileRef = 891A160227656FC700B26659 /* HomeView.swift */; };
		891A160B2765732700B26659 /* HomeViewModel.swift in Sources */ = {isa = PBXBuildFile; fileRef = 891A160A2765732700B26659 /* HomeViewModel.swift */; };
		891A160E27657CEA00B26659 /* User.swift in Sources */ = {isa = PBXBuildFile; fileRef = 891A160D27657CEA00B26659 /* User.swift */; };
		891A1611276590B000B26659 /* ChatsCarouselView.swift in Sources */ = {isa = PBXBuildFile; fileRef = 891A1610276590B000B26659 /* ChatsCarouselView.swift */; };
		891A16132765A44300B26659 /* ChatsCarouselViewModel.swift in Sources */ = {isa = PBXBuildFile; fileRef = 891A16122765A44300B26659 /* ChatsCarouselViewModel.swift */; };
		892179E42765FEB8001E6C60 /* FooterControlsView.swift in Sources */ = {isa = PBXBuildFile; fileRef = 892179E32765FEB8001E6C60 /* FooterControlsView.swift */; };
		892179E62765FECD001E6C60 /* FooterControlsViewModel.swift in Sources */ = {isa = PBXBuildFile; fileRef = 892179E52765FECD001E6C60 /* FooterControlsViewModel.swift */; };
		89288EC0276755DF00E962C4 /* GoogleService-Info.plist in Resources */ = {isa = PBXBuildFile; fileRef = 89288EBF276755DF00E962C4 /* GoogleService-Info.plist */; };
		89288EC3276756DF00E962C4 /* FirebaseAnalytics in Frameworks */ = {isa = PBXBuildFile; productRef = 89288EC2276756DF00E962C4 /* FirebaseAnalytics */; };
		89288EC5276756DF00E962C4 /* FirebaseAuth in Frameworks */ = {isa = PBXBuildFile; productRef = 89288EC4276756DF00E962C4 /* FirebaseAuth */; };
		89288EC7276756DF00E962C4 /* FirebaseDatabase in Frameworks */ = {isa = PBXBuildFile; productRef = 89288EC6276756DF00E962C4 /* FirebaseDatabase */; };
		89288EC9276756DF00E962C4 /* FirebaseStorage in Frameworks */ = {isa = PBXBuildFile; productRef = 89288EC8276756DF00E962C4 /* FirebaseStorage */; };
		89288ECB27675B9F00E962C4 /* OnboardingTemplateView.swift in Sources */ = {isa = PBXBuildFile; fileRef = 89288ECA27675B9F00E962C4 /* OnboardingTemplateView.swift */; };
		89B46E71276893E200B74255 /* AuthSessionStore.swift in Sources */ = {isa = PBXBuildFile; fileRef = 89B46E70276893E200B74255 /* AuthSessionStore.swift */; };
		89BDCDE527695DB900577829 /* NirvanaImage.swift in Sources */ = {isa = PBXBuildFile; fileRef = 89BDCDE427695DB900577829 /* NirvanaImage.swift */; };
		89BDCDE72769616600577829 /* UIImage+Extension.swift in Sources */ = {isa = PBXBuildFile; fileRef = 89BDCDE62769616600577829 /* UIImage+Extension.swift */; };
		89BDCDEA27697F9C00577829 /* UserMenu.swift in Sources */ = {isa = PBXBuildFile; fileRef = 89BDCDE927697F9C00577829 /* UserMenu.swift */; };
		89BDCDEC2769918D00577829 /* OnboardingTrioView.swift in Sources */ = {isa = PBXBuildFile; fileRef = 89BDCDEB2769918D00577829 /* OnboardingTrioView.swift */; };
		89BDCDEF2769B50C00577829 /* ContactsView.swift in Sources */ = {isa = PBXBuildFile; fileRef = 89BDCDEE2769B50C00577829 /* ContactsView.swift */; };
		89BDCDF12769E64200577829 /* Firestore.swift in Sources */ = {isa = PBXBuildFile; fileRef = 89BDCDF02769E64200577829 /* Firestore.swift */; };
		89D99D2E2766FD6B00237814 /* Liquid in Frameworks */ = {isa = PBXBuildFile; productRef = 89D99D2D2766FD6B00237814 /* Liquid */; };
		89F05B9B276A87920002E9C7 /* ContactsViewModel.swift in Sources */ = {isa = PBXBuildFile; fileRef = 89F05B9A276A87920002E9C7 /* ContactsViewModel.swift */; };
		89F05B9F276A8D360002E9C7 /* Contact.swift in Sources */ = {isa = PBXBuildFile; fileRef = 89F05B9E276A8D360002E9C7 /* Contact.swift */; };
		89F05BA4276ACC060002E9C7 /* ContactService.swift in Sources */ = {isa = PBXBuildFile; fileRef = 89F05BA3276ACC060002E9C7 /* ContactService.swift */; };
		89F05BA6276ACD830002E9C7 /* ContactsPickerView.swift in Sources */ = {isa = PBXBuildFile; fileRef = 89F05BA5276ACD830002E9C7 /* ContactsPickerView.swift */; };
		89F1386D2767EB19006680ED /* SignInView.swift in Sources */ = {isa = PBXBuildFile; fileRef = 89F1386C2767EB19006680ED /* SignInView.swift */; };
		89F138702767F55F006680ED /* GoogleSignIn in Frameworks */ = {isa = PBXBuildFile; productRef = 89F1386F2767F55F006680ED /* GoogleSignIn */; };
/* End PBXBuildFile section */

/* Begin PBXFileReference section */
		891A15DD27653A7000B26659 /* nirvana-ios.app */ = {isa = PBXFileReference; explicitFileType = wrapper.application; includeInIndex = 0; path = "nirvana-ios.app"; sourceTree = BUILT_PRODUCTS_DIR; };
		891A15E027653A7000B26659 /* nirvana_iosApp.swift */ = {isa = PBXFileReference; lastKnownFileType = sourcecode.swift; path = nirvana_iosApp.swift; sourceTree = "<group>"; };
		891A15E227653A7000B26659 /* ContentView.swift */ = {isa = PBXFileReference; lastKnownFileType = sourcecode.swift; path = ContentView.swift; sourceTree = "<group>"; };
		891A15E427653A7100B26659 /* Assets.xcassets */ = {isa = PBXFileReference; lastKnownFileType = folder.assetcatalog; path = Assets.xcassets; sourceTree = "<group>"; };
		891A15E727653A7100B26659 /* Preview Assets.xcassets */ = {isa = PBXFileReference; lastKnownFileType = folder.assetcatalog; path = "Preview Assets.xcassets"; sourceTree = "<group>"; };
		891A15F02765528700B26659 /* Satisfy-Regular.ttf */ = {isa = PBXFileReference; lastKnownFileType = file; path = "Satisfy-Regular.ttf"; sourceTree = "<group>"; };
		891A15F32765554600B26659 /* Info.plist */ = {isa = PBXFileReference; lastKnownFileType = text.plist; path = Info.plist; sourceTree = "<group>"; };
		891A15F4276557AB00B26659 /* colors.swift */ = {isa = PBXFileReference; lastKnownFileType = sourcecode.swift; path = colors.swift; sourceTree = "<group>"; };
		891A15F8276563CA00B26659 /* WelcomeView.swift */ = {isa = PBXFileReference; lastKnownFileType = sourcecode.swift; path = WelcomeView.swift; sourceTree = "<group>"; };
		891A15FC276566B800B26659 /* constants.swift */ = {isa = PBXFileReference; lastKnownFileType = sourcecode.swift; path = constants.swift; sourceTree = "<group>"; };
		891A15FE27656F9200B26659 /* HeaderView.swift */ = {isa = PBXFileReference; lastKnownFileType = sourcecode.swift; path = HeaderView.swift; sourceTree = "<group>"; };
		891A160027656FB200B26659 /* FooterView.swift */ = {isa = PBXFileReference; lastKnownFileType = sourcecode.swift; path = FooterView.swift; sourceTree = "<group>"; };
		891A160227656FC700B26659 /* HomeView.swift */ = {isa = PBXFileReference; lastKnownFileType = sourcecode.swift; path = HomeView.swift; sourceTree = "<group>"; };
		891A160A2765732700B26659 /* HomeViewModel.swift */ = {isa = PBXFileReference; lastKnownFileType = sourcecode.swift; path = HomeViewModel.swift; sourceTree = "<group>"; };
		891A160D27657CEA00B26659 /* User.swift */ = {isa = PBXFileReference; lastKnownFileType = sourcecode.swift; path = User.swift; sourceTree = "<group>"; };
		891A1610276590B000B26659 /* ChatsCarouselView.swift */ = {isa = PBXFileReference; lastKnownFileType = sourcecode.swift; path = ChatsCarouselView.swift; sourceTree = "<group>"; };
		891A16122765A44300B26659 /* ChatsCarouselViewModel.swift */ = {isa = PBXFileReference; lastKnownFileType = sourcecode.swift; path = ChatsCarouselViewModel.swift; sourceTree = "<group>"; };
		892179E32765FEB8001E6C60 /* FooterControlsView.swift */ = {isa = PBXFileReference; lastKnownFileType = sourcecode.swift; path = FooterControlsView.swift; sourceTree = "<group>"; };
		892179E52765FECD001E6C60 /* FooterControlsViewModel.swift */ = {isa = PBXFileReference; lastKnownFileType = sourcecode.swift; path = FooterControlsViewModel.swift; sourceTree = "<group>"; };
		89288EBF276755DF00E962C4 /* GoogleService-Info.plist */ = {isa = PBXFileReference; fileEncoding = 4; lastKnownFileType = text.plist.xml; path = "GoogleService-Info.plist"; sourceTree = "<group>"; };
		89288ECA27675B9F00E962C4 /* OnboardingTemplateView.swift */ = {isa = PBXFileReference; lastKnownFileType = sourcecode.swift; path = OnboardingTemplateView.swift; sourceTree = "<group>"; };
		89B46E70276893E200B74255 /* AuthSessionStore.swift */ = {isa = PBXFileReference; lastKnownFileType = sourcecode.swift; path = AuthSessionStore.swift; sourceTree = "<group>"; };
		89BDCDE427695DB900577829 /* NirvanaImage.swift */ = {isa = PBXFileReference; lastKnownFileType = sourcecode.swift; path = NirvanaImage.swift; sourceTree = "<group>"; };
		89BDCDE62769616600577829 /* UIImage+Extension.swift */ = {isa = PBXFileReference; lastKnownFileType = sourcecode.swift; path = "UIImage+Extension.swift"; sourceTree = "<group>"; };
		89BDCDE927697F9C00577829 /* UserMenu.swift */ = {isa = PBXFileReference; lastKnownFileType = sourcecode.swift; path = UserMenu.swift; sourceTree = "<group>"; };
		89BDCDEB2769918D00577829 /* OnboardingTrioView.swift */ = {isa = PBXFileReference; lastKnownFileType = sourcecode.swift; path = OnboardingTrioView.swift; sourceTree = "<group>"; };
		89BDCDEE2769B50C00577829 /* ContactsView.swift */ = {isa = PBXFileReference; lastKnownFileType = sourcecode.swift; path = ContactsView.swift; sourceTree = "<group>"; };
		89BDCDF02769E64200577829 /* Firestore.swift */ = {isa = PBXFileReference; lastKnownFileType = sourcecode.swift; path = Firestore.swift; sourceTree = "<group>"; };
		89F05B9A276A87920002E9C7 /* ContactsViewModel.swift */ = {isa = PBXFileReference; lastKnownFileType = sourcecode.swift; path = ContactsViewModel.swift; sourceTree = "<group>"; };
		89F05B9E276A8D360002E9C7 /* Contact.swift */ = {isa = PBXFileReference; lastKnownFileType = sourcecode.swift; path = Contact.swift; sourceTree = "<group>"; };
		89F05BA3276ACC060002E9C7 /* ContactService.swift */ = {isa = PBXFileReference; lastKnownFileType = sourcecode.swift; path = ContactService.swift; sourceTree = "<group>"; };
		89F05BA5276ACD830002E9C7 /* ContactsPickerView.swift */ = {isa = PBXFileReference; lastKnownFileType = sourcecode.swift; path = ContactsPickerView.swift; sourceTree = "<group>"; };
		89F1386C2767EB19006680ED /* SignInView.swift */ = {isa = PBXFileReference; lastKnownFileType = sourcecode.swift; path = SignInView.swift; sourceTree = "<group>"; };
/* End PBXFileReference section */

/* Begin PBXFrameworksBuildPhase section */
		891A15DA27653A7000B26659 /* Frameworks */ = {
			isa = PBXFrameworksBuildPhase;
			buildActionMask = 2147483647;
			files = (
				89288EC3276756DF00E962C4 /* FirebaseAnalytics in Frameworks */,
				89288EC5276756DF00E962C4 /* FirebaseAuth in Frameworks */,
				89288EC7276756DF00E962C4 /* FirebaseDatabase in Frameworks */,
				89288EC9276756DF00E962C4 /* FirebaseStorage in Frameworks */,
				89D99D2E2766FD6B00237814 /* Liquid in Frameworks */,
				89F138702767F55F006680ED /* GoogleSignIn in Frameworks */,
			);
			runOnlyForDeploymentPostprocessing = 0;
		};
/* End PBXFrameworksBuildPhase section */

/* Begin PBXGroup section */
		891A15D427653A7000B26659 = {
			isa = PBXGroup;
			children = (
				891A15DF27653A7000B26659 /* nirvana-ios */,
				891A15DE27653A7000B26659 /* Products */,
			);
			sourceTree = "<group>";
		};
		891A15DE27653A7000B26659 /* Products */ = {
			isa = PBXGroup;
			children = (
				891A15DD27653A7000B26659 /* nirvana-ios.app */,
			);
			name = Products;
			sourceTree = "<group>";
		};
		891A15DF27653A7000B26659 /* nirvana-ios */ = {
			isa = PBXGroup;
			children = (
				89F05BA2276ACBFA0002E9C7 /* Services */,
				89B46E6F276893C900B74255 /* Auth */,
				891A160C27657CD600B26659 /* Models */,
				891A1609276572C600B26659 /* Globals */,
				891A15F62765639B00B26659 /* Views */,
				891A15F32765554600B26659 /* Info.plist */,
				891A15F2276552ED00B26659 /* fonts */,
				891A15E027653A7000B26659 /* nirvana_iosApp.swift */,
				891A15E227653A7000B26659 /* ContentView.swift */,
				891A15E427653A7100B26659 /* Assets.xcassets */,
				89288EBF276755DF00E962C4 /* GoogleService-Info.plist */,
				891A15E627653A7100B26659 /* Preview Content */,
			);
			path = "nirvana-ios";
			sourceTree = "<group>";
		};
		891A15E627653A7100B26659 /* Preview Content */ = {
			isa = PBXGroup;
			children = (
				891A15E727653A7100B26659 /* Preview Assets.xcassets */,
			);
			path = "Preview Content";
			sourceTree = "<group>";
		};
		891A15F2276552ED00B26659 /* fonts */ = {
			isa = PBXGroup;
			children = (
				891A15F02765528700B26659 /* Satisfy-Regular.ttf */,
			);
			path = fonts;
			sourceTree = "<group>";
		};
		891A15F62765639B00B26659 /* Views */ = {
			isa = PBXGroup;
			children = (
				89BDCDED2769B3EB00577829 /* Contacts */,
				89F1386B2767EB07006680ED /* SignIn */,
				892179E22765FE93001E6C60 /* FooterControlsView */,
				891A16052765726800B26659 /* Templates */,
				891A16042765725D00B26659 /* WelcomeView */,
				891A1608276572BB00B26659 /* HomeView */,
			);
			path = Views;
			sourceTree = "<group>";
		};
		891A16042765725D00B26659 /* WelcomeView */ = {
			isa = PBXGroup;
			children = (
				891A15F8276563CA00B26659 /* WelcomeView.swift */,
				89BDCDEB2769918D00577829 /* OnboardingTrioView.swift */,
			);
			path = WelcomeView;
			sourceTree = "<group>";
		};
		891A16052765726800B26659 /* Templates */ = {
			isa = PBXGroup;
			children = (
				891A160027656FB200B26659 /* FooterView.swift */,
				891A15FE27656F9200B26659 /* HeaderView.swift */,
				89288ECA27675B9F00E962C4 /* OnboardingTemplateView.swift */,
			);
			path = Templates;
			sourceTree = "<group>";
		};
		891A1608276572BB00B26659 /* HomeView */ = {
			isa = PBXGroup;
			children = (
				89BDCDE827697F6100577829 /* UserMenu */,
				891A160F2765909400B26659 /* ChatsCarouselView */,
				891A160227656FC700B26659 /* HomeView.swift */,
				891A160A2765732700B26659 /* HomeViewModel.swift */,
			);
			path = HomeView;
			sourceTree = "<group>";
		};
		891A1609276572C600B26659 /* Globals */ = {
			isa = PBXGroup;
			children = (
				891A15F4276557AB00B26659 /* colors.swift */,
				891A15FC276566B800B26659 /* constants.swift */,
				89BDCDE427695DB900577829 /* NirvanaImage.swift */,
				89BDCDE62769616600577829 /* UIImage+Extension.swift */,
				89BDCDF02769E64200577829 /* Firestore.swift */,
			);
			path = Globals;
			sourceTree = "<group>";
		};
		891A160C27657CD600B26659 /* Models */ = {
			isa = PBXGroup;
			children = (
				891A160D27657CEA00B26659 /* User.swift */,
				89F05B9E276A8D360002E9C7 /* Contact.swift */,
			);
			path = Models;
			sourceTree = "<group>";
		};
		891A160F2765909400B26659 /* ChatsCarouselView */ = {
			isa = PBXGroup;
			children = (
				891A1610276590B000B26659 /* ChatsCarouselView.swift */,
				891A16122765A44300B26659 /* ChatsCarouselViewModel.swift */,
			);
			path = ChatsCarouselView;
			sourceTree = "<group>";
		};
		892179E22765FE93001E6C60 /* FooterControlsView */ = {
			isa = PBXGroup;
			children = (
				892179E32765FEB8001E6C60 /* FooterControlsView.swift */,
				892179E52765FECD001E6C60 /* FooterControlsViewModel.swift */,
			);
			path = FooterControlsView;
			sourceTree = "<group>";
		};
		89B46E6F276893C900B74255 /* Auth */ = {
			isa = PBXGroup;
			children = (
				89B46E70276893E200B74255 /* AuthSessionStore.swift */,
			);
			path = Auth;
			sourceTree = "<group>";
		};
		89BDCDE827697F6100577829 /* UserMenu */ = {
			isa = PBXGroup;
			children = (
				89BDCDE927697F9C00577829 /* UserMenu.swift */,
			);
			path = UserMenu;
			sourceTree = "<group>";
		};
		89BDCDED2769B3EB00577829 /* Contacts */ = {
			isa = PBXGroup;
			children = (
				89BDCDEE2769B50C00577829 /* ContactsView.swift */,
				89F05B9A276A87920002E9C7 /* ContactsViewModel.swift */,
				89F05BA5276ACD830002E9C7 /* ContactsPickerView.swift */,
			);
			path = Contacts;
			sourceTree = "<group>";
		};
		89F05BA2276ACBFA0002E9C7 /* Services */ = {
			isa = PBXGroup;
			children = (
				89F05BA3276ACC060002E9C7 /* ContactService.swift */,
			);
			path = Services;
			sourceTree = "<group>";
		};
		89F1386B2767EB07006680ED /* SignIn */ = {
			isa = PBXGroup;
			children = (
				89F1386C2767EB19006680ED /* SignInView.swift */,
			);
			path = SignIn;
			sourceTree = "<group>";
		};
/* End PBXGroup section */

/* Begin PBXNativeTarget section */
		891A15DC27653A7000B26659 /* nirvana-ios */ = {
			isa = PBXNativeTarget;
			buildConfigurationList = 891A15EB27653A7100B26659 /* Build configuration list for PBXNativeTarget "nirvana-ios" */;
			buildPhases = (
				891A15D927653A7000B26659 /* Sources */,
				891A15DA27653A7000B26659 /* Frameworks */,
				891A15DB27653A7000B26659 /* Resources */,
			);
			buildRules = (
			);
			dependencies = (
			);
			name = "nirvana-ios";
			packageProductDependencies = (
				89D99D2D2766FD6B00237814 /* Liquid */,
				89288EC2276756DF00E962C4 /* FirebaseAnalytics */,
				89288EC4276756DF00E962C4 /* FirebaseAuth */,
				89288EC6276756DF00E962C4 /* FirebaseDatabase */,
				89288EC8276756DF00E962C4 /* FirebaseStorage */,
				89F1386F2767F55F006680ED /* GoogleSignIn */,
			);
			productName = "nirvana-ios";
			productReference = 891A15DD27653A7000B26659 /* nirvana-ios.app */;
			productType = "com.apple.product-type.application";
		};
/* End PBXNativeTarget section */

/* Begin PBXProject section */
		891A15D527653A7000B26659 /* Project object */ = {
			isa = PBXProject;
			attributes = {
				BuildIndependentTargetsInParallel = 1;
				LastSwiftUpdateCheck = 1310;
				LastUpgradeCheck = 1310;
				TargetAttributes = {
					891A15DC27653A7000B26659 = {
						CreatedOnToolsVersion = 13.1;
					};
				};
			};
			buildConfigurationList = 891A15D827653A7000B26659 /* Build configuration list for PBXProject "nirvana-ios" */;
			compatibilityVersion = "Xcode 13.0";
			developmentRegion = en;
			hasScannedForEncodings = 0;
			knownRegions = (
				en,
				Base,
			);
			mainGroup = 891A15D427653A7000B26659;
			packageReferences = (
				89D99D2C2766FD6B00237814 /* XCRemoteSwiftPackageReference "liquid" */,
				89288EC1276756DF00E962C4 /* XCRemoteSwiftPackageReference "firebase-ios-sdk" */,
				89F1386E2767F55F006680ED /* XCRemoteSwiftPackageReference "GoogleSignIn-iOS" */,
			);
			productRefGroup = 891A15DE27653A7000B26659 /* Products */;
			projectDirPath = "";
			projectRoot = "";
			targets = (
				891A15DC27653A7000B26659 /* nirvana-ios */,
			);
		};
/* End PBXProject section */

/* Begin PBXResourcesBuildPhase section */
		891A15DB27653A7000B26659 /* Resources */ = {
			isa = PBXResourcesBuildPhase;
			buildActionMask = 2147483647;
			files = (
				891A15F12765528700B26659 /* Satisfy-Regular.ttf in Resources */,
				89288EC0276755DF00E962C4 /* GoogleService-Info.plist in Resources */,
				891A15E827653A7100B26659 /* Preview Assets.xcassets in Resources */,
				891A15E527653A7100B26659 /* Assets.xcassets in Resources */,
			);
			runOnlyForDeploymentPostprocessing = 0;
		};
/* End PBXResourcesBuildPhase section */

/* Begin PBXSourcesBuildPhase section */
		891A15D927653A7000B26659 /* Sources */ = {
			isa = PBXSourcesBuildPhase;
			buildActionMask = 2147483647;
			files = (
				89BDCDEC2769918D00577829 /* OnboardingTrioView.swift in Sources */,
				891A15E327653A7000B26659 /* ContentView.swift in Sources */,
				89F05B9F276A8D360002E9C7 /* Contact.swift in Sources */,
				891A160327656FC700B26659 /* HomeView.swift in Sources */,
				891A160B2765732700B26659 /* HomeViewModel.swift in Sources */,
				892179E62765FECD001E6C60 /* FooterControlsViewModel.swift in Sources */,
				891A15F5276557AB00B26659 /* colors.swift in Sources */,
				89288ECB27675B9F00E962C4 /* OnboardingTemplateView.swift in Sources */,
				89F05BA4276ACC060002E9C7 /* ContactService.swift in Sources */,
				89B46E71276893E200B74255 /* AuthSessionStore.swift in Sources */,
				891A15F9276563CA00B26659 /* WelcomeView.swift in Sources */,
				89BDCDEF2769B50C00577829 /* ContactsView.swift in Sources */,
				891A1611276590B000B26659 /* ChatsCarouselView.swift in Sources */,
				89BDCDE527695DB900577829 /* NirvanaImage.swift in Sources */,
				891A16132765A44300B26659 /* ChatsCarouselViewModel.swift in Sources */,
				89F05B9B276A87920002E9C7 /* ContactsViewModel.swift in Sources */,
				891A15E127653A7000B26659 /* nirvana_iosApp.swift in Sources */,
				891A160127656FB200B26659 /* FooterView.swift in Sources */,
				89F05BA6276ACD830002E9C7 /* ContactsPickerView.swift in Sources */,
				89BDCDEA27697F9C00577829 /* UserMenu.swift in Sources */,
				891A15FF27656F9200B26659 /* HeaderView.swift in Sources */,
				892179E42765FEB8001E6C60 /* FooterControlsView.swift in Sources */,
				891A15FD276566B800B26659 /* constants.swift in Sources */,
				89BDCDE72769616600577829 /* UIImage+Extension.swift in Sources */,
				89F1386D2767EB19006680ED /* SignInView.swift in Sources */,
				89BDCDF12769E64200577829 /* Firestore.swift in Sources */,
				891A160E27657CEA00B26659 /* User.swift in Sources */,
			);
			runOnlyForDeploymentPostprocessing = 0;
		};
/* End PBXSourcesBuildPhase section */

/* Begin XCBuildConfiguration section */
		891A15E927653A7100B26659 /* Debug */ = {
			isa = XCBuildConfiguration;
			buildSettings = {
				ALWAYS_SEARCH_USER_PATHS = NO;
				CLANG_ANALYZER_NONNULL = YES;
				CLANG_ANALYZER_NUMBER_OBJECT_CONVERSION = YES_AGGRESSIVE;
				CLANG_CXX_LANGUAGE_STANDARD = "gnu++17";
				CLANG_CXX_LIBRARY = "libc++";
				CLANG_ENABLE_MODULES = YES;
				CLANG_ENABLE_OBJC_ARC = YES;
				CLANG_ENABLE_OBJC_WEAK = YES;
				CLANG_WARN_BLOCK_CAPTURE_AUTORELEASING = YES;
				CLANG_WARN_BOOL_CONVERSION = YES;
				CLANG_WARN_COMMA = YES;
				CLANG_WARN_CONSTANT_CONVERSION = YES;
				CLANG_WARN_DEPRECATED_OBJC_IMPLEMENTATIONS = YES;
				CLANG_WARN_DIRECT_OBJC_ISA_USAGE = YES_ERROR;
				CLANG_WARN_DOCUMENTATION_COMMENTS = YES;
				CLANG_WARN_EMPTY_BODY = YES;
				CLANG_WARN_ENUM_CONVERSION = YES;
				CLANG_WARN_INFINITE_RECURSION = YES;
				CLANG_WARN_INT_CONVERSION = YES;
				CLANG_WARN_NON_LITERAL_NULL_CONVERSION = YES;
				CLANG_WARN_OBJC_IMPLICIT_RETAIN_SELF = YES;
				CLANG_WARN_OBJC_LITERAL_CONVERSION = YES;
				CLANG_WARN_OBJC_ROOT_CLASS = YES_ERROR;
				CLANG_WARN_QUOTED_INCLUDE_IN_FRAMEWORK_HEADER = YES;
				CLANG_WARN_RANGE_LOOP_ANALYSIS = YES;
				CLANG_WARN_STRICT_PROTOTYPES = YES;
				CLANG_WARN_SUSPICIOUS_MOVE = YES;
				CLANG_WARN_UNGUARDED_AVAILABILITY = YES_AGGRESSIVE;
				CLANG_WARN_UNREACHABLE_CODE = YES;
				CLANG_WARN__DUPLICATE_METHOD_MATCH = YES;
				COPY_PHASE_STRIP = NO;
				DEBUG_INFORMATION_FORMAT = dwarf;
				ENABLE_STRICT_OBJC_MSGSEND = YES;
				ENABLE_TESTABILITY = YES;
				GCC_C_LANGUAGE_STANDARD = gnu11;
				GCC_DYNAMIC_NO_PIC = NO;
				GCC_NO_COMMON_BLOCKS = YES;
				GCC_OPTIMIZATION_LEVEL = 0;
				GCC_PREPROCESSOR_DEFINITIONS = (
					"DEBUG=1",
					"$(inherited)",
				);
				GCC_WARN_64_TO_32_BIT_CONVERSION = YES;
				GCC_WARN_ABOUT_RETURN_TYPE = YES_ERROR;
				GCC_WARN_UNDECLARED_SELECTOR = YES;
				GCC_WARN_UNINITIALIZED_AUTOS = YES_AGGRESSIVE;
				GCC_WARN_UNUSED_FUNCTION = YES;
				GCC_WARN_UNUSED_VARIABLE = YES;
				IPHONEOS_DEPLOYMENT_TARGET = 15.0;
				MTL_ENABLE_DEBUG_INFO = INCLUDE_SOURCE;
				MTL_FAST_MATH = YES;
				ONLY_ACTIVE_ARCH = YES;
				SDKROOT = iphoneos;
				SWIFT_ACTIVE_COMPILATION_CONDITIONS = DEBUG;
				SWIFT_OPTIMIZATION_LEVEL = "-Onone";
			};
			name = Debug;
		};
		891A15EA27653A7100B26659 /* Release */ = {
			isa = XCBuildConfiguration;
			buildSettings = {
				ALWAYS_SEARCH_USER_PATHS = NO;
				CLANG_ANALYZER_NONNULL = YES;
				CLANG_ANALYZER_NUMBER_OBJECT_CONVERSION = YES_AGGRESSIVE;
				CLANG_CXX_LANGUAGE_STANDARD = "gnu++17";
				CLANG_CXX_LIBRARY = "libc++";
				CLANG_ENABLE_MODULES = YES;
				CLANG_ENABLE_OBJC_ARC = YES;
				CLANG_ENABLE_OBJC_WEAK = YES;
				CLANG_WARN_BLOCK_CAPTURE_AUTORELEASING = YES;
				CLANG_WARN_BOOL_CONVERSION = YES;
				CLANG_WARN_COMMA = YES;
				CLANG_WARN_CONSTANT_CONVERSION = YES;
				CLANG_WARN_DEPRECATED_OBJC_IMPLEMENTATIONS = YES;
				CLANG_WARN_DIRECT_OBJC_ISA_USAGE = YES_ERROR;
				CLANG_WARN_DOCUMENTATION_COMMENTS = YES;
				CLANG_WARN_EMPTY_BODY = YES;
				CLANG_WARN_ENUM_CONVERSION = YES;
				CLANG_WARN_INFINITE_RECURSION = YES;
				CLANG_WARN_INT_CONVERSION = YES;
				CLANG_WARN_NON_LITERAL_NULL_CONVERSION = YES;
				CLANG_WARN_OBJC_IMPLICIT_RETAIN_SELF = YES;
				CLANG_WARN_OBJC_LITERAL_CONVERSION = YES;
				CLANG_WARN_OBJC_ROOT_CLASS = YES_ERROR;
				CLANG_WARN_QUOTED_INCLUDE_IN_FRAMEWORK_HEADER = YES;
				CLANG_WARN_RANGE_LOOP_ANALYSIS = YES;
				CLANG_WARN_STRICT_PROTOTYPES = YES;
				CLANG_WARN_SUSPICIOUS_MOVE = YES;
				CLANG_WARN_UNGUARDED_AVAILABILITY = YES_AGGRESSIVE;
				CLANG_WARN_UNREACHABLE_CODE = YES;
				CLANG_WARN__DUPLICATE_METHOD_MATCH = YES;
				COPY_PHASE_STRIP = NO;
				DEBUG_INFORMATION_FORMAT = "dwarf-with-dsym";
				ENABLE_NS_ASSERTIONS = NO;
				ENABLE_STRICT_OBJC_MSGSEND = YES;
				GCC_C_LANGUAGE_STANDARD = gnu11;
				GCC_NO_COMMON_BLOCKS = YES;
				GCC_WARN_64_TO_32_BIT_CONVERSION = YES;
				GCC_WARN_ABOUT_RETURN_TYPE = YES_ERROR;
				GCC_WARN_UNDECLARED_SELECTOR = YES;
				GCC_WARN_UNINITIALIZED_AUTOS = YES_AGGRESSIVE;
				GCC_WARN_UNUSED_FUNCTION = YES;
				GCC_WARN_UNUSED_VARIABLE = YES;
				IPHONEOS_DEPLOYMENT_TARGET = 15.0;
				MTL_ENABLE_DEBUG_INFO = NO;
				MTL_FAST_MATH = YES;
				SDKROOT = iphoneos;
				SWIFT_COMPILATION_MODE = wholemodule;
				SWIFT_OPTIMIZATION_LEVEL = "-O";
				VALIDATE_PRODUCT = YES;
			};
			name = Release;
		};
		891A15EC27653A7100B26659 /* Debug */ = {
			isa = XCBuildConfiguration;
			buildSettings = {
				ASSETCATALOG_COMPILER_APPICON_NAME = AppIcon;
				ASSETCATALOG_COMPILER_GLOBAL_ACCENT_COLOR_NAME = AccentColor;
				CODE_SIGN_IDENTITY = "Apple Development";
				CODE_SIGN_STYLE = Automatic;
				CURRENT_PROJECT_VERSION = 1;
				DEVELOPMENT_ASSET_PATHS = "\"nirvana-ios/Preview Content\"";
				DEVELOPMENT_TEAM = RK9WWM4Q99;
				ENABLE_PREVIEWS = YES;
				GENERATE_INFOPLIST_FILE = YES;
				INFOPLIST_FILE = "nirvana-ios/Info.plist";
				INFOPLIST_KEY_NSContactsUsageDescription = "Please provide access to build your inner circle 🌱";
				INFOPLIST_KEY_UIApplicationSceneManifest_Generation = YES;
				INFOPLIST_KEY_UIApplicationSupportsIndirectInputEvents = YES;
				INFOPLIST_KEY_UILaunchScreen_Generation = YES;
				INFOPLIST_KEY_UISupportedInterfaceOrientations_iPad = "UIInterfaceOrientationPortrait UIInterfaceOrientationPortraitUpsideDown UIInterfaceOrientationLandscapeLeft UIInterfaceOrientationLandscapeRight";
				INFOPLIST_KEY_UISupportedInterfaceOrientations_iPhone = "UIInterfaceOrientationPortrait UIInterfaceOrientationLandscapeLeft UIInterfaceOrientationLandscapeRight";
				LD_RUNPATH_SEARCH_PATHS = (
					"$(inherited)",
					"@executable_path/Frameworks",
				);
				MARKETING_VERSION = 1.0;
				PRODUCT_BUNDLE_IDENTIFIER = "com.usenirvana.nirvana-ios";
				PRODUCT_NAME = "$(TARGET_NAME)";
				PROVISIONING_PROFILE_SPECIFIER = "";
				SWIFT_EMIT_LOC_STRINGS = YES;
				SWIFT_VERSION = 5.0;
				TARGETED_DEVICE_FAMILY = "1,2";
			};
			name = Debug;
		};
		891A15ED27653A7100B26659 /* Release */ = {
			isa = XCBuildConfiguration;
			buildSettings = {
				ASSETCATALOG_COMPILER_APPICON_NAME = AppIcon;
				ASSETCATALOG_COMPILER_GLOBAL_ACCENT_COLOR_NAME = AccentColor;
				CODE_SIGN_IDENTITY = "Apple Development";
				CODE_SIGN_STYLE = Automatic;
				CURRENT_PROJECT_VERSION = 1;
				DEVELOPMENT_ASSET_PATHS = "\"nirvana-ios/Preview Content\"";
				DEVELOPMENT_TEAM = RK9WWM4Q99;
				ENABLE_PREVIEWS = YES;
				GENERATE_INFOPLIST_FILE = YES;
				INFOPLIST_FILE = "nirvana-ios/Info.plist";
				INFOPLIST_KEY_NSContactsUsageDescription = "Please provide access to build your inner circle 🌱";
				INFOPLIST_KEY_UIApplicationSceneManifest_Generation = YES;
				INFOPLIST_KEY_UIApplicationSupportsIndirectInputEvents = YES;
				INFOPLIST_KEY_UILaunchScreen_Generation = YES;
				INFOPLIST_KEY_UISupportedInterfaceOrientations_iPad = "UIInterfaceOrientationPortrait UIInterfaceOrientationPortraitUpsideDown UIInterfaceOrientationLandscapeLeft UIInterfaceOrientationLandscapeRight";
				INFOPLIST_KEY_UISupportedInterfaceOrientations_iPhone = "UIInterfaceOrientationPortrait UIInterfaceOrientationLandscapeLeft UIInterfaceOrientationLandscapeRight";
				LD_RUNPATH_SEARCH_PATHS = (
					"$(inherited)",
					"@executable_path/Frameworks",
				);
				MARKETING_VERSION = 1.0;
				PRODUCT_BUNDLE_IDENTIFIER = "com.usenirvana.nirvana-ios";
				PRODUCT_NAME = "$(TARGET_NAME)";
				PROVISIONING_PROFILE_SPECIFIER = "";
				SWIFT_EMIT_LOC_STRINGS = YES;
				SWIFT_VERSION = 5.0;
				TARGETED_DEVICE_FAMILY = "1,2";
			};
			name = Release;
		};
/* End XCBuildConfiguration section */

/* Begin XCConfigurationList section */
		891A15D827653A7000B26659 /* Build configuration list for PBXProject "nirvana-ios" */ = {
			isa = XCConfigurationList;
			buildConfigurations = (
				891A15E927653A7100B26659 /* Debug */,
				891A15EA27653A7100B26659 /* Release */,
			);
			defaultConfigurationIsVisible = 0;
			defaultConfigurationName = Release;
		};
		891A15EB27653A7100B26659 /* Build configuration list for PBXNativeTarget "nirvana-ios" */ = {
			isa = XCConfigurationList;
			buildConfigurations = (
				891A15EC27653A7100B26659 /* Debug */,
				891A15ED27653A7100B26659 /* Release */,
			);
			defaultConfigurationIsVisible = 0;
			defaultConfigurationName = Release;
		};
/* End XCConfigurationList section */

/* Begin XCRemoteSwiftPackageReference section */
		89288EC1276756DF00E962C4 /* XCRemoteSwiftPackageReference "firebase-ios-sdk" */ = {
			isa = XCRemoteSwiftPackageReference;
			repositoryURL = "https://github.com/firebase/firebase-ios-sdk";
			requirement = {
				kind = upToNextMajorVersion;
				minimumVersion = 8.0.0;
			};
		};
		89D99D2C2766FD6B00237814 /* XCRemoteSwiftPackageReference "liquid" */ = {
			isa = XCRemoteSwiftPackageReference;
			repositoryURL = "https://github.com/maustinstar/liquid";
			requirement = {
				kind = upToNextMajorVersion;
				minimumVersion = 0.0.2;
			};
		};
		89F1386E2767F55F006680ED /* XCRemoteSwiftPackageReference "GoogleSignIn-iOS" */ = {
			isa = XCRemoteSwiftPackageReference;
			repositoryURL = "https://github.com/google/GoogleSignIn-iOS.git";
			requirement = {
				kind = upToNextMajorVersion;
				minimumVersion = 6.0.0;
			};
		};
/* End XCRemoteSwiftPackageReference section */

/* Begin XCSwiftPackageProductDependency section */
		89288EC2276756DF00E962C4 /* FirebaseAnalytics */ = {
			isa = XCSwiftPackageProductDependency;
			package = 89288EC1276756DF00E962C4 /* XCRemoteSwiftPackageReference "firebase-ios-sdk" */;
			productName = FirebaseAnalytics;
		};
		89288EC4276756DF00E962C4 /* FirebaseAuth */ = {
			isa = XCSwiftPackageProductDependency;
			package = 89288EC1276756DF00E962C4 /* XCRemoteSwiftPackageReference "firebase-ios-sdk" */;
			productName = FirebaseAuth;
		};
		89288EC6276756DF00E962C4 /* FirebaseDatabase */ = {
			isa = XCSwiftPackageProductDependency;
			package = 89288EC1276756DF00E962C4 /* XCRemoteSwiftPackageReference "firebase-ios-sdk" */;
			productName = FirebaseDatabase;
		};
		89288EC8276756DF00E962C4 /* FirebaseStorage */ = {
			isa = XCSwiftPackageProductDependency;
			package = 89288EC1276756DF00E962C4 /* XCRemoteSwiftPackageReference "firebase-ios-sdk" */;
			productName = FirebaseStorage;
		};
		89D99D2D2766FD6B00237814 /* Liquid */ = {
			isa = XCSwiftPackageProductDependency;
			package = 89D99D2C2766FD6B00237814 /* XCRemoteSwiftPackageReference "liquid" */;
			productName = Liquid;
		};
		89F1386F2767F55F006680ED /* GoogleSignIn */ = {
			isa = XCSwiftPackageProductDependency;
			package = 89F1386E2767F55F006680ED /* XCRemoteSwiftPackageReference "GoogleSignIn-iOS" */;
			productName = GoogleSignIn;
		};
/* End XCSwiftPackageProductDependency section */
	};
	rootObject = 891A15D527653A7000B26659 /* Project object */;
}
